// !$*UTF8*$!
{
	archiveVersion = 1;
	classes = {
	};
	objectVersion = 46;
	objects = {

/* Begin PBXBuildFile section */
		00C302E51ABCBA2D00DB3ED1 /* libRCTActionSheet.a in Frameworks */ = {isa = PBXBuildFile; fileRef = 00C302AC1ABCB8CE00DB3ED1 /* libRCTActionSheet.a */; };
		00C302E71ABCBA2D00DB3ED1 /* libRCTGeolocation.a in Frameworks */ = {isa = PBXBuildFile; fileRef = 00C302BA1ABCB90400DB3ED1 /* libRCTGeolocation.a */; };
		00C302E81ABCBA2D00DB3ED1 /* libRCTImage.a in Frameworks */ = {isa = PBXBuildFile; fileRef = 00C302C01ABCB91800DB3ED1 /* libRCTImage.a */; };
		00C302E91ABCBA2D00DB3ED1 /* libRCTNetwork.a in Frameworks */ = {isa = PBXBuildFile; fileRef = 00C302DC1ABCB9D200DB3ED1 /* libRCTNetwork.a */; };
		00C302EA1ABCBA2D00DB3ED1 /* libRCTVibration.a in Frameworks */ = {isa = PBXBuildFile; fileRef = 00C302E41ABCB9EE00DB3ED1 /* libRCTVibration.a */; };
		0150E3FA26654BE1804A1F66 /* Ionicons.ttf in Resources */ = {isa = PBXBuildFile; fileRef = 1C21BE1378B742CEAA4DE981 /* Ionicons.ttf */; };
		044C3D662ED641A9992CF8FF /* MaterialCommunityIcons.ttf in Resources */ = {isa = PBXBuildFile; fileRef = 9BC2DF123914425BAD931A67 /* MaterialCommunityIcons.ttf */; };
		133E29F31AD74F7200F7D852 /* libRCTLinking.a in Frameworks */ = {isa = PBXBuildFile; fileRef = 78C398B91ACF4ADC00677621 /* libRCTLinking.a */; };
		139105C61AF99C1200B5F7CC /* libRCTSettings.a in Frameworks */ = {isa = PBXBuildFile; fileRef = 139105C11AF99BAD00B5F7CC /* libRCTSettings.a */; };
		139FDEF61B0652A700C62182 /* libRCTWebSocket.a in Frameworks */ = {isa = PBXBuildFile; fileRef = 139FDEF41B06529B00C62182 /* libRCTWebSocket.a */; };
		13B07FBC1A68108700A75B9A /* AppDelegate.m in Sources */ = {isa = PBXBuildFile; fileRef = 13B07FB01A68108700A75B9A /* AppDelegate.m */; };
		13B07FBF1A68108700A75B9A /* Images.xcassets in Resources */ = {isa = PBXBuildFile; fileRef = 13B07FB51A68108700A75B9A /* Images.xcassets */; };
		13B07FC11A68108700A75B9A /* main.m in Sources */ = {isa = PBXBuildFile; fileRef = 13B07FB71A68108700A75B9A /* main.m */; };
		144028A21EE6907D000945A3 /* libRCTAnimation.a in Frameworks */ = {isa = PBXBuildFile; fileRef = 1440287A1EE69001000945A3 /* libRCTAnimation.a */; };
		146834051AC3E58100842450 /* libReact.a in Frameworks */ = {isa = PBXBuildFile; fileRef = 146834041AC3E56700842450 /* libReact.a */; };
		1CAD91FD650E4EE489715C21 /* libUdpSockets.a in Frameworks */ = {isa = PBXBuildFile; fileRef = BD4E8D787A68404D96264B38 /* libUdpSockets.a */; };
		267ABE6020F78777006CD1B5 /* libRNSVG.a in Frameworks */ = {isa = PBXBuildFile; fileRef = 267ABE5920F78730006CD1B5 /* libRNSVG.a */; };
		26C0E620205C181700E9AD6A /* libRNI18n.a in Frameworks */ = {isa = PBXBuildFile; fileRef = 26C0E61D205C17B700E9AD6A /* libRNI18n.a */; };
		28061C46E49841668FDE1C6C /* EvilIcons.ttf in Resources */ = {isa = PBXBuildFile; fileRef = 8F593D0DBCA743F4997FEAF8 /* EvilIcons.ttf */; };
		30E6894E35F74445A4F6F35B /* Zocial.ttf in Resources */ = {isa = PBXBuildFile; fileRef = B1D49054AB364C649FCD5506 /* Zocial.ttf */; };
		34E11B4601B44855BF4069E4 /* libRNVectorIcons.a in Frameworks */ = {isa = PBXBuildFile; fileRef = DAF7EACF6B594393AB324DCE /* libRNVectorIcons.a */; };
		36DB5485CDAA4D30BC3A8AE2 /* Octicons.ttf in Resources */ = {isa = PBXBuildFile; fileRef = 6E20A8C755144668BCAB540B /* Octicons.ttf */; };
		3FE220D60A2B4250A2DCBB84 /* libRNReactNativeAccessibility.a in Frameworks */ = {isa = PBXBuildFile; fileRef = 34DA95593A1544E09D95F18F /* libRNReactNativeAccessibility.a */; };
		409837641F602515005E56A9 /* libRCTPushNotification.a in Frameworks */ = {isa = PBXBuildFile; fileRef = 409837611F6024EE005E56A9 /* libRCTPushNotification.a */; };
		40D7C76A1F73AB9C0078E086 /* LaunchScreen.storyboard in Resources */ = {isa = PBXBuildFile; fileRef = 40D7C7691F73AB9C0078E086 /* LaunchScreen.storyboard */; };
		59F114B4AC654FA7AAF457B4 /* SFNS Display.ttf in Resources */ = {isa = PBXBuildFile; fileRef = F455C17D479C4210A202688C /* SFNS Display.ttf */; };
		6849A4E963DC4D8985BFE7C3 /* libRNSensitiveInfo.a in Frameworks */ = {isa = PBXBuildFile; fileRef = B5E8B17FC3BC433DA0620A43 /* libRNSensitiveInfo.a */; };
		68CC7CCADF574C7AB546E29B /* telldusicons.svg in Resources */ = {isa = PBXBuildFile; fileRef = DB8C12D469844F34ABBA0A64 /* telldusicons.svg */; };
		695CAC4B3F4E464D989EC4D2 /* Roboto-Medium.ttf in Resources */ = {isa = PBXBuildFile; fileRef = 882834547CB84ED98886796F /* Roboto-Medium.ttf */; };
		7008063F35A94AD09D95F9DD /* libRNRSA.a in Frameworks */ = {isa = PBXBuildFile; fileRef = 7C59689631C948E3A30CAA55 /* libRNRSA.a */; };
		794DAA9AEBAE4A7291C53EB5 /* Roboto-Regular.ttf in Resources */ = {isa = PBXBuildFile; fileRef = 5E2F044E48EA427F9C4A967C /* Roboto-Regular.ttf */; };
		832341BD1AAA6AB300B99B32 /* libRCTText.a in Frameworks */ = {isa = PBXBuildFile; fileRef = 832341B51AAA6A8300B99B32 /* libRCTText.a */; };
		8A0C59785D134F67BFBC177A /* SimpleLineIcons.ttf in Resources */ = {isa = PBXBuildFile; fileRef = B604CB39C11F43B48FD5A634 /* SimpleLineIcons.ttf */; };
		98FA87B1CC964159A5629AFF /* libSMXCrashlytics.a in Frameworks */ = {isa = PBXBuildFile; fileRef = A59E17B346064409AF705800 /* libSMXCrashlytics.a */; };
		A17FFBC3ED7A45A28EE23A2E /* MaterialIcons.ttf in Resources */ = {isa = PBXBuildFile; fileRef = 23582646277C436FB236C344 /* MaterialIcons.ttf */; };
		A796F25C81DE46E0A81A31B8 /* libRNDeviceInfo.a in Frameworks */ = {isa = PBXBuildFile; fileRef = 32D76CC4AAED4E2F94ADAE4F /* libRNDeviceInfo.a */; };
		AD9B7A84CF90483DA832A7FB /* telldusicons.woff in Resources */ = {isa = PBXBuildFile; fileRef = FED4ABDECE1A45289BE59CD1 /* telldusicons.woff */; };
		ADBDB9381DFEBF1600ED6528 /* libRCTBlob.a in Frameworks */ = {isa = PBXBuildFile; fileRef = ADBDB9271DFEBF0700ED6528 /* libRCTBlob.a */; };
		BD3450422506459CA03BAFFE /* libLRDRCTSimpleToast.a in Frameworks */ = {isa = PBXBuildFile; fileRef = 67549022A05F434F8B812357 /* libLRDRCTSimpleToast.a */; };
		CAAD62D4956A49EA96EC30FA /* libRCTOrientation.a in Frameworks */ = {isa = PBXBuildFile; fileRef = 598B9ECEAE4E41CCAF3F07D3 /* libRCTOrientation.a */; };
		D2986F407B4048AC96288B60 /* FontAwesome.ttf in Resources */ = {isa = PBXBuildFile; fileRef = 150121A613CD46DD95BDC072 /* FontAwesome.ttf */; };
		DC98AE9FD1CA4A448FC5C87D /* Foundation.ttf in Resources */ = {isa = PBXBuildFile; fileRef = 93967CC4C9724316AFF74B50 /* Foundation.ttf */; };
		DD7823359AB84A89988A5D47 /* Roboto-Light.ttf in Resources */ = {isa = PBXBuildFile; fileRef = DFFF079D6FE74233BAB019F1 /* Roboto-Light.ttf */; };
		E01A717BB6604D8D8C4C0CA0 /* telldusicons.ttf in Resources */ = {isa = PBXBuildFile; fileRef = AA4E203FFC8849A6989EDD54 /* telldusicons.ttf */; };
		F833995608B34A6AA1968135 /* Entypo.ttf in Resources */ = {isa = PBXBuildFile; fileRef = 7DFA88390E0247E68C113126 /* Entypo.ttf */; };
		FF46E161818E9B5BE09583C2 /* libPods-TelldusLiveApp.a in Frameworks */ = {isa = PBXBuildFile; fileRef = 9E4E10C72947027C61D0AB0E /* libPods-TelldusLiveApp.a */; };
/* End PBXBuildFile section */

/* Begin PBXContainerItemProxy section */
		00C302AB1ABCB8CE00DB3ED1 /* PBXContainerItemProxy */ = {
			isa = PBXContainerItemProxy;
			containerPortal = 00C302A71ABCB8CE00DB3ED1 /* RCTActionSheet.xcodeproj */;
			proxyType = 2;
			remoteGlobalIDString = 134814201AA4EA6300B7C361;
			remoteInfo = RCTActionSheet;
		};
		00C302B91ABCB90400DB3ED1 /* PBXContainerItemProxy */ = {
			isa = PBXContainerItemProxy;
			containerPortal = 00C302B51ABCB90400DB3ED1 /* RCTGeolocation.xcodeproj */;
			proxyType = 2;
			remoteGlobalIDString = 134814201AA4EA6300B7C361;
			remoteInfo = RCTGeolocation;
		};
		00C302BF1ABCB91800DB3ED1 /* PBXContainerItemProxy */ = {
			isa = PBXContainerItemProxy;
			containerPortal = 00C302BB1ABCB91800DB3ED1 /* RCTImage.xcodeproj */;
			proxyType = 2;
			remoteGlobalIDString = 58B5115D1A9E6B3D00147676;
			remoteInfo = RCTImage;
		};
		00C302DB1ABCB9D200DB3ED1 /* PBXContainerItemProxy */ = {
			isa = PBXContainerItemProxy;
			containerPortal = 00C302D31ABCB9D200DB3ED1 /* RCTNetwork.xcodeproj */;
			proxyType = 2;
			remoteGlobalIDString = 58B511DB1A9E6C8500147676;
			remoteInfo = RCTNetwork;
		};
		00C302E31ABCB9EE00DB3ED1 /* PBXContainerItemProxy */ = {
			isa = PBXContainerItemProxy;
			containerPortal = 00C302DF1ABCB9EE00DB3ED1 /* RCTVibration.xcodeproj */;
			proxyType = 2;
			remoteGlobalIDString = 832C81801AAF6DEF007FA2F7;
			remoteInfo = RCTVibration;
		};
		139105C01AF99BAD00B5F7CC /* PBXContainerItemProxy */ = {
			isa = PBXContainerItemProxy;
			containerPortal = 139105B61AF99BAD00B5F7CC /* RCTSettings.xcodeproj */;
			proxyType = 2;
			remoteGlobalIDString = 134814201AA4EA6300B7C361;
			remoteInfo = RCTSettings;
		};
		139FDEF31B06529B00C62182 /* PBXContainerItemProxy */ = {
			isa = PBXContainerItemProxy;
			containerPortal = 139FDEE61B06529A00C62182 /* RCTWebSocket.xcodeproj */;
			proxyType = 2;
			remoteGlobalIDString = 3C86DF461ADF2C930047B81A;
			remoteInfo = RCTWebSocket;
		};
		144028791EE69001000945A3 /* PBXContainerItemProxy */ = {
			isa = PBXContainerItemProxy;
			containerPortal = 144028731EE69000000945A3 /* RCTAnimation.xcodeproj */;
			proxyType = 2;
			remoteGlobalIDString = 134814201AA4EA6300B7C361;
			remoteInfo = RCTAnimation;
		};
		1440287B1EE69001000945A3 /* PBXContainerItemProxy */ = {
			isa = PBXContainerItemProxy;
			containerPortal = 144028731EE69000000945A3 /* RCTAnimation.xcodeproj */;
			proxyType = 2;
			remoteGlobalIDString = 2D2A28201D9B03D100D4039D;
			remoteInfo = "RCTAnimation-tvOS";
		};
		144028941EE69001000945A3 /* PBXContainerItemProxy */ = {
			isa = PBXContainerItemProxy;
			containerPortal = 146833FF1AC3E56700842450 /* React.xcodeproj */;
			proxyType = 2;
			remoteGlobalIDString = 3D3C059A1DE3340900C268FA;
			remoteInfo = yoga;
		};
		144028981EE69001000945A3 /* PBXContainerItemProxy */ = {
			isa = PBXContainerItemProxy;
			containerPortal = 146833FF1AC3E56700842450 /* React.xcodeproj */;
			proxyType = 2;
			remoteGlobalIDString = 3D3CD9251DE5FBEC00167DC4;
			remoteInfo = cxxreact;
		};
		1440289C1EE69001000945A3 /* PBXContainerItemProxy */ = {
			isa = PBXContainerItemProxy;
			containerPortal = 146833FF1AC3E56700842450 /* React.xcodeproj */;
			proxyType = 2;
			remoteGlobalIDString = 3D3CD90B1DE5FBD600167DC4;
			remoteInfo = jschelpers;
		};
		146834031AC3E56700842450 /* PBXContainerItemProxy */ = {
			isa = PBXContainerItemProxy;
			containerPortal = 146833FF1AC3E56700842450 /* React.xcodeproj */;
			proxyType = 2;
			remoteGlobalIDString = 83CBBA2E1A601D0E00E9B192;
			remoteInfo = React;
		};
		261EF3C62097108600C78392 /* PBXContainerItemProxy */ = {
			isa = PBXContainerItemProxy;
			containerPortal = 1C903CA954FC4FBB9390E2AA /* UdpSockets.xcodeproj */;
			proxyType = 2;
			remoteGlobalIDString = 134814201AA4EA6300B7C361;
			remoteInfo = UdpSockets;
		};
		265DB0992058131C003B9B2A /* PBXContainerItemProxy */ = {
			isa = PBXContainerItemProxy;
			containerPortal = ADBDB91F1DFEBF0600ED6528 /* RCTBlob.xcodeproj */;
			proxyType = 2;
			remoteGlobalIDString = ADD01A681E09402E00F6D226;
			remoteInfo = "RCTBlob-tvOS";
		};
		265DB0AE2058131C003B9B2A /* PBXContainerItemProxy */ = {
			isa = PBXContainerItemProxy;
			containerPortal = 139FDEE61B06529A00C62182 /* RCTWebSocket.xcodeproj */;
			proxyType = 2;
			remoteGlobalIDString = 3DBE0D001F3B181A0099AA32;
			remoteInfo = fishhook;
		};
		265DB0B02058131C003B9B2A /* PBXContainerItemProxy */ = {
			isa = PBXContainerItemProxy;
			containerPortal = 139FDEE61B06529A00C62182 /* RCTWebSocket.xcodeproj */;
			proxyType = 2;
			remoteGlobalIDString = 3DBE0D0D1F3B181C0099AA32;
			remoteInfo = "fishhook-tvOS";
		};
		265DB0C22058131C003B9B2A /* PBXContainerItemProxy */ = {
			isa = PBXContainerItemProxy;
			containerPortal = 146833FF1AC3E56700842450 /* React.xcodeproj */;
			proxyType = 2;
			remoteGlobalIDString = 2D2A28131D9B038B00D4039D;
			remoteInfo = "React-tvOS";
		};
		265DB0C42058131C003B9B2A /* PBXContainerItemProxy */ = {
			isa = PBXContainerItemProxy;
			containerPortal = 146833FF1AC3E56700842450 /* React.xcodeproj */;
			proxyType = 2;
			remoteGlobalIDString = EBF21BDC1FC498900052F4D5;
			remoteInfo = jsinspector;
		};
		265DB0C62058131C003B9B2A /* PBXContainerItemProxy */ = {
			isa = PBXContainerItemProxy;
			containerPortal = 146833FF1AC3E56700842450 /* React.xcodeproj */;
			proxyType = 2;
			remoteGlobalIDString = EBF21BFA1FC4989A0052F4D5;
			remoteInfo = "jsinspector-tvOS";
		};
		265DB0C82058131C003B9B2A /* PBXContainerItemProxy */ = {
			isa = PBXContainerItemProxy;
			containerPortal = 146833FF1AC3E56700842450 /* React.xcodeproj */;
			proxyType = 2;
			remoteGlobalIDString = 139D7ECE1E25DB7D00323FB7;
			remoteInfo = "third-party";
		};
		265DB0CA2058131C003B9B2A /* PBXContainerItemProxy */ = {
			isa = PBXContainerItemProxy;
			containerPortal = 146833FF1AC3E56700842450 /* React.xcodeproj */;
			proxyType = 2;
			remoteGlobalIDString = 3D383D3C1EBD27B6005632C8;
			remoteInfo = "third-party-tvOS";
		};
		265DB0CC2058131C003B9B2A /* PBXContainerItemProxy */ = {
			isa = PBXContainerItemProxy;
			containerPortal = 146833FF1AC3E56700842450 /* React.xcodeproj */;
			proxyType = 2;
			remoteGlobalIDString = 139D7E881E25C6D100323FB7;
			remoteInfo = "double-conversion";
		};
		265DB0CE2058131C003B9B2A /* PBXContainerItemProxy */ = {
			isa = PBXContainerItemProxy;
			containerPortal = 146833FF1AC3E56700842450 /* React.xcodeproj */;
			proxyType = 2;
			remoteGlobalIDString = 3D383D621EBD27B9005632C8;
			remoteInfo = "double-conversion-tvOS";
		};
		265DB0D02058131C003B9B2A /* PBXContainerItemProxy */ = {
			isa = PBXContainerItemProxy;
			containerPortal = 146833FF1AC3E56700842450 /* React.xcodeproj */;
			proxyType = 2;
			remoteGlobalIDString = 9936F3131F5F2E4B0010BF04;
			remoteInfo = privatedata;
		};
		265DB0D22058131C003B9B2A /* PBXContainerItemProxy */ = {
			isa = PBXContainerItemProxy;
			containerPortal = 146833FF1AC3E56700842450 /* React.xcodeproj */;
			proxyType = 2;
			remoteGlobalIDString = 9936F32F1F5F2E5B0010BF04;
			remoteInfo = "privatedata-tvOS";
		};
		265DB0D62058131C003B9B2A /* PBXContainerItemProxy */ = {
			isa = PBXContainerItemProxy;
			containerPortal = 25A65B32BEBD4964AC8D3213 /* RNDeviceInfo.xcodeproj */;
			proxyType = 2;
			remoteGlobalIDString = E72EC1401F7ABB5A0001BC90;
			remoteInfo = "RNDeviceInfo-tvOS";
		};
		265DB0DB2058131C003B9B2A /* PBXContainerItemProxy */ = {
			isa = PBXContainerItemProxy;
			containerPortal = 844A2837C32542489912297B /* RNReactNativeAccessibility.xcodeproj */;
			proxyType = 2;
			remoteGlobalIDString = 134814201AA4EA6300B7C361;
			remoteInfo = RNReactNativeAccessibility;
		};
		265DB0E02058131C003B9B2A /* PBXContainerItemProxy */ = {
			isa = PBXContainerItemProxy;
			containerPortal = 05015C29790F4F78A389A5F7 /* SMXCrashlytics.xcodeproj */;
			proxyType = 2;
			remoteGlobalIDString = 6463C84C1EBA12A60095B8CD;
			remoteInfo = "SMXCrashlytics-tvOS";
		};
		267ABE5820F78730006CD1B5 /* PBXContainerItemProxy */ = {
			isa = PBXContainerItemProxy;
			containerPortal = 267ABE2520F78730006CD1B5 /* RNSVG.xcodeproj */;
			proxyType = 2;
			remoteGlobalIDString = 0CF68AC11AF0540F00FF9E5C;
			remoteInfo = RNSVG;
		};
		26A5EF3020918EC900A11C37 /* PBXContainerItemProxy */ = {
			isa = PBXContainerItemProxy;
			containerPortal = 670987F30A384DE4BDA09FD6 /* RNSensitiveInfo.xcodeproj */;
			proxyType = 2;
			remoteGlobalIDString = BF8FCF941BFFB184000FCD37;
			remoteInfo = RNSensitiveInfo;
		};
		26C0E61C205C17B700E9AD6A /* PBXContainerItemProxy */ = {
			isa = PBXContainerItemProxy;
			containerPortal = 26C0E617205C17B600E9AD6A /* RNI18n.xcodeproj */;
			proxyType = 2;
			remoteGlobalIDString = 134814201AA4EA6300B7C361;
			remoteInfo = RNI18n;
		};
		26C0E61E205C17B700E9AD6A /* PBXContainerItemProxy */ = {
			isa = PBXContainerItemProxy;
			containerPortal = 26C0E617205C17B600E9AD6A /* RNI18n.xcodeproj */;
			proxyType = 2;
			remoteGlobalIDString = 6476C4051EEAA69700B10F51;
			remoteInfo = "RNI18n-tvOS";
		};
		26F1F820209B276400ADBBC0 /* PBXContainerItemProxy */ = {
			isa = PBXContainerItemProxy;
			containerPortal = B4B40A8A593241268FE52652 /* RNRSA.xcodeproj */;
			proxyType = 2;
			remoteGlobalIDString = BF40FFBD1F05EC4000DC4E95;
			remoteInfo = RNRSA;
		};
		3052375C1F0B93250046DE13 /* PBXContainerItemProxy */ = {
			isa = PBXContainerItemProxy;
			containerPortal = 146833FF1AC3E56700842450 /* React.xcodeproj */;
			proxyType = 2;
			remoteGlobalIDString = 3D3C06751DE3340C00C268FA;
			remoteInfo = "yoga-tvOS";
		};
		3052375E1F0B93250046DE13 /* PBXContainerItemProxy */ = {
			isa = PBXContainerItemProxy;
			containerPortal = 146833FF1AC3E56700842450 /* React.xcodeproj */;
			proxyType = 2;
			remoteGlobalIDString = 3D3CD9321DE5FBEE00167DC4;
			remoteInfo = "cxxreact-tvOS";
		};
		305237601F0B93250046DE13 /* PBXContainerItemProxy */ = {
			isa = PBXContainerItemProxy;
			containerPortal = 146833FF1AC3E56700842450 /* React.xcodeproj */;
			proxyType = 2;
			remoteGlobalIDString = 3D3CD9181DE5FBD800167DC4;
			remoteInfo = "jschelpers-tvOS";
		};
		408824D51F100DE4007B3FF4 /* PBXContainerItemProxy */ = {
			isa = PBXContainerItemProxy;
			containerPortal = 05015C29790F4F78A389A5F7 /* SMXCrashlytics.xcodeproj */;
			proxyType = 2;
			remoteGlobalIDString = D8D9DB831C6D03DB009FBC0E;
			remoteInfo = SMXCrashlytics;
		};
		4098373A1F6024DB005E56A9 /* PBXContainerItemProxy */ = {
			isa = PBXContainerItemProxy;
			containerPortal = 609A0D1A94684C4DB8A9D337 /* LRDRCTSimpleToast.xcodeproj */;
			proxyType = 2;
			remoteGlobalIDString = 15209BEF1D250F63000D0F44;
			remoteInfo = LRDRCTSimpleToast;
		};
		409837601F6024EE005E56A9 /* PBXContainerItemProxy */ = {
			isa = PBXContainerItemProxy;
			containerPortal = 4098375B1F6024ED005E56A9 /* RCTPushNotification.xcodeproj */;
			proxyType = 2;
			remoteGlobalIDString = 134814201AA4EA6300B7C361;
			remoteInfo = RCTPushNotification;
		};
		409837621F6024EE005E56A9 /* PBXContainerItemProxy */ = {
			isa = PBXContainerItemProxy;
			containerPortal = 4098375B1F6024ED005E56A9 /* RCTPushNotification.xcodeproj */;
			proxyType = 2;
			remoteGlobalIDString = 3D05745F1DE6004600184BB4;
			remoteInfo = "RCTPushNotification-tvOS";
		};
		4D54D2141D49FE680067EF32 /* PBXContainerItemProxy */ = {
			isa = PBXContainerItemProxy;
			containerPortal = 25A65B32BEBD4964AC8D3213 /* RNDeviceInfo.xcodeproj */;
			proxyType = 2;
			remoteGlobalIDString = DA5891D81BA9A9FC002B4DB2;
			remoteInfo = RNDeviceInfo;
		};
		4DC2DFFF1D48B782005DDEBD /* PBXContainerItemProxy */ = {
			isa = PBXContainerItemProxy;
			containerPortal = 68822640B42549F2A32DDB65 /* RNVectorIcons.xcodeproj */;
			proxyType = 2;
			remoteGlobalIDString = 5DBEB1501B18CEA900B34395;
			remoteInfo = RNVectorIcons;
		};
		4DDF27D01D4B44EC00816BB4 /* PBXContainerItemProxy */ = {
			isa = PBXContainerItemProxy;
			containerPortal = 782E9B56DE244FAA94B95591 /* RCTOrientation.xcodeproj */;
			proxyType = 2;
			remoteGlobalIDString = 134814201AA4EA6300B7C361;
			remoteInfo = RCTOrientation;
		};
		4DEFC3491DEB734500A0D59A /* PBXContainerItemProxy */ = {
			isa = PBXContainerItemProxy;
			containerPortal = 00C302BB1ABCB91800DB3ED1 /* RCTImage.xcodeproj */;
			proxyType = 2;
			remoteGlobalIDString = 2D2A283A1D9B042B00D4039D;
			remoteInfo = "RCTImage-tvOS";
		};
		4DEFC34D1DEB734500A0D59A /* PBXContainerItemProxy */ = {
			isa = PBXContainerItemProxy;
			containerPortal = 78C398B01ACF4ADC00677621 /* RCTLinking.xcodeproj */;
			proxyType = 2;
			remoteGlobalIDString = 2D2A28471D9B043800D4039D;
			remoteInfo = "RCTLinking-tvOS";
		};
		4DEFC3511DEB734500A0D59A /* PBXContainerItemProxy */ = {
			isa = PBXContainerItemProxy;
			containerPortal = 00C302D31ABCB9D200DB3ED1 /* RCTNetwork.xcodeproj */;
			proxyType = 2;
			remoteGlobalIDString = 2D2A28541D9B044C00D4039D;
			remoteInfo = "RCTNetwork-tvOS";
		};
		4DEFC3561DEB734500A0D59A /* PBXContainerItemProxy */ = {
			isa = PBXContainerItemProxy;
			containerPortal = 139105B61AF99BAD00B5F7CC /* RCTSettings.xcodeproj */;
			proxyType = 2;
			remoteGlobalIDString = 2D2A28611D9B046600D4039D;
			remoteInfo = "RCTSettings-tvOS";
		};
		4DEFC35A1DEB734500A0D59A /* PBXContainerItemProxy */ = {
			isa = PBXContainerItemProxy;
			containerPortal = 832341B01AAA6A8300B99B32 /* RCTText.xcodeproj */;
			proxyType = 2;
			remoteGlobalIDString = 2D2A287B1D9B048500D4039D;
			remoteInfo = "RCTText-tvOS";
		};
		4DEFC35F1DEB734500A0D59A /* PBXContainerItemProxy */ = {
			isa = PBXContainerItemProxy;
			containerPortal = 139FDEE61B06529A00C62182 /* RCTWebSocket.xcodeproj */;
			proxyType = 2;
			remoteGlobalIDString = 2D2A28881D9B049200D4039D;
			remoteInfo = "RCTWebSocket-tvOS";
		};
		78C398B81ACF4ADC00677621 /* PBXContainerItemProxy */ = {
			isa = PBXContainerItemProxy;
			containerPortal = 78C398B01ACF4ADC00677621 /* RCTLinking.xcodeproj */;
			proxyType = 2;
			remoteGlobalIDString = 134814201AA4EA6300B7C361;
			remoteInfo = RCTLinking;
		};
		832341B41AAA6A8300B99B32 /* PBXContainerItemProxy */ = {
			isa = PBXContainerItemProxy;
			containerPortal = 832341B01AAA6A8300B99B32 /* RCTText.xcodeproj */;
			proxyType = 2;
			remoteGlobalIDString = 58B5119B1A9E6C1200147676;
			remoteInfo = RCTText;
		};
		ADBDB9261DFEBF0700ED6528 /* PBXContainerItemProxy */ = {
			isa = PBXContainerItemProxy;
			containerPortal = ADBDB91F1DFEBF0600ED6528 /* RCTBlob.xcodeproj */;
			proxyType = 2;
			remoteGlobalIDString = 358F4ED71D1E81A9004DF814;
			remoteInfo = RCTBlob;
		};
/* End PBXContainerItemProxy section */

/* Begin PBXFileReference section */
		008F07F21AC5B25A0029DE68 /* main.jsbundle */ = {isa = PBXFileReference; fileEncoding = 4; lastKnownFileType = text; path = main.jsbundle; sourceTree = "<group>"; };
		00C302A71ABCB8CE00DB3ED1 /* RCTActionSheet.xcodeproj */ = {isa = PBXFileReference; lastKnownFileType = "wrapper.pb-project"; name = RCTActionSheet.xcodeproj; path = "../node_modules/react-native/Libraries/ActionSheetIOS/RCTActionSheet.xcodeproj"; sourceTree = "<group>"; };
		00C302B51ABCB90400DB3ED1 /* RCTGeolocation.xcodeproj */ = {isa = PBXFileReference; lastKnownFileType = "wrapper.pb-project"; name = RCTGeolocation.xcodeproj; path = "../node_modules/react-native/Libraries/Geolocation/RCTGeolocation.xcodeproj"; sourceTree = "<group>"; };
		00C302BB1ABCB91800DB3ED1 /* RCTImage.xcodeproj */ = {isa = PBXFileReference; lastKnownFileType = "wrapper.pb-project"; name = RCTImage.xcodeproj; path = "../node_modules/react-native/Libraries/Image/RCTImage.xcodeproj"; sourceTree = "<group>"; };
		00C302D31ABCB9D200DB3ED1 /* RCTNetwork.xcodeproj */ = {isa = PBXFileReference; lastKnownFileType = "wrapper.pb-project"; name = RCTNetwork.xcodeproj; path = "../node_modules/react-native/Libraries/Network/RCTNetwork.xcodeproj"; sourceTree = "<group>"; };
		00C302DF1ABCB9EE00DB3ED1 /* RCTVibration.xcodeproj */ = {isa = PBXFileReference; lastKnownFileType = "wrapper.pb-project"; name = RCTVibration.xcodeproj; path = "../node_modules/react-native/Libraries/Vibration/RCTVibration.xcodeproj"; sourceTree = "<group>"; };
		05015C29790F4F78A389A5F7 /* SMXCrashlytics.xcodeproj */ = {isa = PBXFileReference; explicitFileType = undefined; fileEncoding = 9; includeInIndex = 0; lastKnownFileType = "wrapper.pb-project"; name = SMXCrashlytics.xcodeproj; path = "../node_modules/react-native-fabric/ios/SMXCrashlytics.xcodeproj"; sourceTree = "<group>"; };
		139105B61AF99BAD00B5F7CC /* RCTSettings.xcodeproj */ = {isa = PBXFileReference; lastKnownFileType = "wrapper.pb-project"; name = RCTSettings.xcodeproj; path = "../node_modules/react-native/Libraries/Settings/RCTSettings.xcodeproj"; sourceTree = "<group>"; };
		139FDEE61B06529A00C62182 /* RCTWebSocket.xcodeproj */ = {isa = PBXFileReference; lastKnownFileType = "wrapper.pb-project"; name = RCTWebSocket.xcodeproj; path = "../node_modules/react-native/Libraries/WebSocket/RCTWebSocket.xcodeproj"; sourceTree = "<group>"; };
		13B07F961A680F5B00A75B9A /* TelldusLiveApp.app */ = {isa = PBXFileReference; explicitFileType = wrapper.application; includeInIndex = 0; path = TelldusLiveApp.app; sourceTree = BUILT_PRODUCTS_DIR; };
		13B07FAF1A68108700A75B9A /* AppDelegate.h */ = {isa = PBXFileReference; fileEncoding = 4; lastKnownFileType = sourcecode.c.h; name = AppDelegate.h; path = TelldusLiveApp/AppDelegate.h; sourceTree = "<group>"; };
		13B07FB01A68108700A75B9A /* AppDelegate.m */ = {isa = PBXFileReference; fileEncoding = 4; lastKnownFileType = sourcecode.c.objc; name = AppDelegate.m; path = TelldusLiveApp/AppDelegate.m; sourceTree = "<group>"; };
		13B07FB51A68108700A75B9A /* Images.xcassets */ = {isa = PBXFileReference; lastKnownFileType = folder.assetcatalog; name = Images.xcassets; path = TelldusLiveApp/Images.xcassets; sourceTree = "<group>"; };
		13B07FB61A68108700A75B9A /* Info.plist */ = {isa = PBXFileReference; fileEncoding = 4; lastKnownFileType = text.plist.xml; name = Info.plist; path = TelldusLiveApp/Info.plist; sourceTree = "<group>"; };
		13B07FB71A68108700A75B9A /* main.m */ = {isa = PBXFileReference; fileEncoding = 4; lastKnownFileType = sourcecode.c.objc; name = main.m; path = TelldusLiveApp/main.m; sourceTree = "<group>"; };
		144028731EE69000000945A3 /* RCTAnimation.xcodeproj */ = {isa = PBXFileReference; lastKnownFileType = "wrapper.pb-project"; name = RCTAnimation.xcodeproj; path = "../node_modules/react-native/Libraries/NativeAnimation/RCTAnimation.xcodeproj"; sourceTree = "<group>"; };
		146833FF1AC3E56700842450 /* React.xcodeproj */ = {isa = PBXFileReference; lastKnownFileType = "wrapper.pb-project"; name = React.xcodeproj; path = "../node_modules/react-native/React/React.xcodeproj"; sourceTree = "<group>"; };
		150121A613CD46DD95BDC072 /* FontAwesome.ttf */ = {isa = PBXFileReference; explicitFileType = undefined; fileEncoding = 9; includeInIndex = 0; lastKnownFileType = unknown; name = FontAwesome.ttf; path = "../node_modules/react-native-vector-icons/Fonts/FontAwesome.ttf"; sourceTree = "<group>"; };
		1C21BE1378B742CEAA4DE981 /* Ionicons.ttf */ = {isa = PBXFileReference; explicitFileType = undefined; fileEncoding = 9; includeInIndex = 0; lastKnownFileType = unknown; name = Ionicons.ttf; path = "../node_modules/react-native-vector-icons/Fonts/Ionicons.ttf"; sourceTree = "<group>"; };
		1C903CA954FC4FBB9390E2AA /* UdpSockets.xcodeproj */ = {isa = PBXFileReference; explicitFileType = undefined; fileEncoding = 9; includeInIndex = 0; lastKnownFileType = "wrapper.pb-project"; name = UdpSockets.xcodeproj; path = "../node_modules/react-native-udp/ios/UdpSockets.xcodeproj"; sourceTree = "<group>"; };
		23582646277C436FB236C344 /* MaterialIcons.ttf */ = {isa = PBXFileReference; explicitFileType = undefined; fileEncoding = 9; includeInIndex = 0; lastKnownFileType = unknown; name = MaterialIcons.ttf; path = "../node_modules/react-native-vector-icons/Fonts/MaterialIcons.ttf"; sourceTree = "<group>"; };
		23630B716BB84A33B8A4D6BD /* libRNI18n.a */ = {isa = PBXFileReference; explicitFileType = undefined; fileEncoding = 9; includeInIndex = 0; lastKnownFileType = archive.ar; path = libRNI18n.a; sourceTree = "<group>"; };
		25A65B32BEBD4964AC8D3213 /* RNDeviceInfo.xcodeproj */ = {isa = PBXFileReference; explicitFileType = undefined; fileEncoding = 9; includeInIndex = 0; lastKnownFileType = "wrapper.pb-project"; name = RNDeviceInfo.xcodeproj; path = "../node_modules/react-native-device-info/RNDeviceInfo.xcodeproj"; sourceTree = "<group>"; };
		267ABE2520F78730006CD1B5 /* RNSVG.xcodeproj */ = {isa = PBXFileReference; lastKnownFileType = "wrapper.pb-project"; name = RNSVG.xcodeproj; path = "../node_modules/react-native-svg/ios/RNSVG.xcodeproj"; sourceTree = "<group>"; };
		26C0E617205C17B600E9AD6A /* RNI18n.xcodeproj */ = {isa = PBXFileReference; lastKnownFileType = "wrapper.pb-project"; name = RNI18n.xcodeproj; path = "../node_modules/react-native-i18n/ios/RNI18n.xcodeproj"; sourceTree = "<group>"; };
		26DA5FD22045A28C003FCA91 /* SFNS Display.ttf */ = {isa = PBXFileReference; lastKnownFileType = file; name = "SFNS Display.ttf"; path = "../android/app/src/main/assets/fonts/SFNS Display.ttf"; sourceTree = "<group>"; };
		26DA5FD32045A28C003FCA91 /* Roboto-Light.ttf */ = {isa = PBXFileReference; lastKnownFileType = file; name = "Roboto-Light.ttf"; path = "../android/app/src/main/assets/fonts/Roboto-Light.ttf"; sourceTree = "<group>"; };
		26DA5FD42045A28D003FCA91 /* Roboto-Medium.ttf */ = {isa = PBXFileReference; lastKnownFileType = file; name = "Roboto-Medium.ttf"; path = "../android/app/src/main/assets/fonts/Roboto-Medium.ttf"; sourceTree = "<group>"; };
		26DA5FD52045A28D003FCA91 /* Roboto-Regular.ttf */ = {isa = PBXFileReference; lastKnownFileType = file; name = "Roboto-Regular.ttf"; path = "../android/app/src/main/assets/fonts/Roboto-Regular.ttf"; sourceTree = "<group>"; };
		32D76CC4AAED4E2F94ADAE4F /* libRNDeviceInfo.a */ = {isa = PBXFileReference; explicitFileType = undefined; fileEncoding = 9; includeInIndex = 0; lastKnownFileType = archive.ar; path = libRNDeviceInfo.a; sourceTree = "<group>"; };
		34DA95593A1544E09D95F18F /* libRNReactNativeAccessibility.a */ = {isa = PBXFileReference; explicitFileType = undefined; fileEncoding = 9; includeInIndex = 0; lastKnownFileType = archive.ar; path = libRNReactNativeAccessibility.a; sourceTree = "<group>"; };
		4098375B1F6024ED005E56A9 /* RCTPushNotification.xcodeproj */ = {isa = PBXFileReference; lastKnownFileType = "wrapper.pb-project"; name = RCTPushNotification.xcodeproj; path = "../node_modules/react-native/Libraries/PushNotificationIOS/RCTPushNotification.xcodeproj"; sourceTree = "<group>"; };
		409837E21F6140AE005E56A9 /* TelldusLiveApp.entitlements */ = {isa = PBXFileReference; lastKnownFileType = text.plist.entitlements; name = TelldusLiveApp.entitlements; path = TelldusLiveApp/TelldusLiveApp.entitlements; sourceTree = "<group>"; };
		40D7C7691F73AB9C0078E086 /* LaunchScreen.storyboard */ = {isa = PBXFileReference; fileEncoding = 4; lastKnownFileType = file.storyboard; name = LaunchScreen.storyboard; path = TelldusLiveApp/LaunchScreen.storyboard; sourceTree = "<group>"; };
		598B9ECEAE4E41CCAF3F07D3 /* libRCTOrientation.a */ = {isa = PBXFileReference; explicitFileType = undefined; fileEncoding = 9; includeInIndex = 0; lastKnownFileType = archive.ar; path = libRCTOrientation.a; sourceTree = "<group>"; };
		5E2F044E48EA427F9C4A967C /* Roboto-Regular.ttf */ = {isa = PBXFileReference; explicitFileType = undefined; fileEncoding = 9; includeInIndex = 0; lastKnownFileType = unknown; name = "Roboto-Regular.ttf"; path = "../assets/fonts/Roboto-Regular.ttf"; sourceTree = "<group>"; };
		609A0D1A94684C4DB8A9D337 /* LRDRCTSimpleToast.xcodeproj */ = {isa = PBXFileReference; explicitFileType = undefined; fileEncoding = 9; includeInIndex = 0; lastKnownFileType = "wrapper.pb-project"; name = LRDRCTSimpleToast.xcodeproj; path = "../node_modules/react-native-simple-toast/ios/LRDRCTSimpleToast.xcodeproj"; sourceTree = "<group>"; };
		670987F30A384DE4BDA09FD6 /* RNSensitiveInfo.xcodeproj */ = {isa = PBXFileReference; explicitFileType = undefined; fileEncoding = 9; includeInIndex = 0; lastKnownFileType = "wrapper.pb-project"; name = RNSensitiveInfo.xcodeproj; path = "../node_modules/react-native-sensitive-info/ios/RNSensitiveInfo.xcodeproj"; sourceTree = "<group>"; };
		67549022A05F434F8B812357 /* libLRDRCTSimpleToast.a */ = {isa = PBXFileReference; explicitFileType = undefined; fileEncoding = 9; includeInIndex = 0; lastKnownFileType = archive.ar; path = libLRDRCTSimpleToast.a; sourceTree = "<group>"; };
		68822640B42549F2A32DDB65 /* RNVectorIcons.xcodeproj */ = {isa = PBXFileReference; explicitFileType = undefined; fileEncoding = 9; includeInIndex = 0; lastKnownFileType = "wrapper.pb-project"; name = RNVectorIcons.xcodeproj; path = "../node_modules/react-native-vector-icons/RNVectorIcons.xcodeproj"; sourceTree = "<group>"; };
		6E20A8C755144668BCAB540B /* Octicons.ttf */ = {isa = PBXFileReference; explicitFileType = undefined; fileEncoding = 9; includeInIndex = 0; lastKnownFileType = unknown; name = Octicons.ttf; path = "../node_modules/react-native-vector-icons/Fonts/Octicons.ttf"; sourceTree = "<group>"; };
		782E9B56DE244FAA94B95591 /* RCTOrientation.xcodeproj */ = {isa = PBXFileReference; explicitFileType = undefined; fileEncoding = 9; includeInIndex = 0; lastKnownFileType = "wrapper.pb-project"; name = RCTOrientation.xcodeproj; path = "../node_modules/react-native-orientation/iOS/RCTOrientation.xcodeproj"; sourceTree = "<group>"; };
		78C398B01ACF4ADC00677621 /* RCTLinking.xcodeproj */ = {isa = PBXFileReference; lastKnownFileType = "wrapper.pb-project"; name = RCTLinking.xcodeproj; path = "../node_modules/react-native/Libraries/LinkingIOS/RCTLinking.xcodeproj"; sourceTree = "<group>"; };
		7C59689631C948E3A30CAA55 /* libRNRSA.a */ = {isa = PBXFileReference; explicitFileType = undefined; fileEncoding = 9; includeInIndex = 0; lastKnownFileType = archive.ar; path = libRNRSA.a; sourceTree = "<group>"; };
		7DFA88390E0247E68C113126 /* Entypo.ttf */ = {isa = PBXFileReference; explicitFileType = undefined; fileEncoding = 9; includeInIndex = 0; lastKnownFileType = unknown; name = Entypo.ttf; path = "../node_modules/react-native-vector-icons/Fonts/Entypo.ttf"; sourceTree = "<group>"; };
		832341B01AAA6A8300B99B32 /* RCTText.xcodeproj */ = {isa = PBXFileReference; lastKnownFileType = "wrapper.pb-project"; name = RCTText.xcodeproj; path = "../node_modules/react-native/Libraries/Text/RCTText.xcodeproj"; sourceTree = "<group>"; };
		844A2837C32542489912297B /* RNReactNativeAccessibility.xcodeproj */ = {isa = PBXFileReference; explicitFileType = undefined; fileEncoding = 9; includeInIndex = 0; lastKnownFileType = "wrapper.pb-project"; name = RNReactNativeAccessibility.xcodeproj; path = "../node_modules/react-native-accessibility/ios/RNReactNativeAccessibility.xcodeproj"; sourceTree = "<group>"; };
		882834547CB84ED98886796F /* Roboto-Medium.ttf */ = {isa = PBXFileReference; explicitFileType = undefined; fileEncoding = 9; includeInIndex = 0; lastKnownFileType = unknown; name = "Roboto-Medium.ttf"; path = "../assets/fonts/Roboto-Medium.ttf"; sourceTree = "<group>"; };
		8F593D0DBCA743F4997FEAF8 /* EvilIcons.ttf */ = {isa = PBXFileReference; explicitFileType = undefined; fileEncoding = 9; includeInIndex = 0; lastKnownFileType = unknown; name = EvilIcons.ttf; path = "../node_modules/react-native-vector-icons/Fonts/EvilIcons.ttf"; sourceTree = "<group>"; };
		93967CC4C9724316AFF74B50 /* Foundation.ttf */ = {isa = PBXFileReference; explicitFileType = undefined; fileEncoding = 9; includeInIndex = 0; lastKnownFileType = unknown; name = Foundation.ttf; path = "../node_modules/react-native-vector-icons/Fonts/Foundation.ttf"; sourceTree = "<group>"; };
		9BC2DF123914425BAD931A67 /* MaterialCommunityIcons.ttf */ = {isa = PBXFileReference; explicitFileType = undefined; fileEncoding = 9; includeInIndex = 0; lastKnownFileType = unknown; name = MaterialCommunityIcons.ttf; path = "../node_modules/react-native-vector-icons/Fonts/MaterialCommunityIcons.ttf"; sourceTree = "<group>"; };
		9E4E10C72947027C61D0AB0E /* libPods-TelldusLiveApp.a */ = {isa = PBXFileReference; explicitFileType = archive.ar; includeInIndex = 0; path = "libPods-TelldusLiveApp.a"; sourceTree = BUILT_PRODUCTS_DIR; };
		A59E17B346064409AF705800 /* libSMXCrashlytics.a */ = {isa = PBXFileReference; explicitFileType = undefined; fileEncoding = 9; includeInIndex = 0; lastKnownFileType = archive.ar; path = libSMXCrashlytics.a; sourceTree = "<group>"; };
		A6CE961F3EE90A0E326684E5 /* Pods-TelldusLiveApp.debug.xcconfig */ = {isa = PBXFileReference; includeInIndex = 1; lastKnownFileType = text.xcconfig; name = "Pods-TelldusLiveApp.debug.xcconfig"; path = "Pods/Target Support Files/Pods-TelldusLiveApp/Pods-TelldusLiveApp.debug.xcconfig"; sourceTree = "<group>"; };
		AA4E203FFC8849A6989EDD54 /* telldusicons.ttf */ = {isa = PBXFileReference; explicitFileType = undefined; fileEncoding = 9; includeInIndex = 0; lastKnownFileType = unknown; name = telldusicons.ttf; path = ../assets/fonts/telldusicons.ttf; sourceTree = "<group>"; };
		ADBDB91F1DFEBF0600ED6528 /* RCTBlob.xcodeproj */ = {isa = PBXFileReference; lastKnownFileType = "wrapper.pb-project"; name = RCTBlob.xcodeproj; path = "../node_modules/react-native/Libraries/Blob/RCTBlob.xcodeproj"; sourceTree = "<group>"; };
		B1D49054AB364C649FCD5506 /* Zocial.ttf */ = {isa = PBXFileReference; explicitFileType = undefined; fileEncoding = 9; includeInIndex = 0; lastKnownFileType = unknown; name = Zocial.ttf; path = "../node_modules/react-native-vector-icons/Fonts/Zocial.ttf"; sourceTree = "<group>"; };
		B4B40A8A593241268FE52652 /* RNRSA.xcodeproj */ = {isa = PBXFileReference; explicitFileType = undefined; fileEncoding = 9; includeInIndex = 0; lastKnownFileType = "wrapper.pb-project"; name = RNRSA.xcodeproj; path = "../node_modules/react-native-rsa-native/ios/RNRSA.xcodeproj"; sourceTree = "<group>"; };
		B5E8B17FC3BC433DA0620A43 /* libRNSensitiveInfo.a */ = {isa = PBXFileReference; explicitFileType = undefined; fileEncoding = 9; includeInIndex = 0; lastKnownFileType = archive.ar; path = libRNSensitiveInfo.a; sourceTree = "<group>"; };
		B604CB39C11F43B48FD5A634 /* SimpleLineIcons.ttf */ = {isa = PBXFileReference; explicitFileType = undefined; fileEncoding = 9; includeInIndex = 0; lastKnownFileType = unknown; name = SimpleLineIcons.ttf; path = "../node_modules/react-native-vector-icons/Fonts/SimpleLineIcons.ttf"; sourceTree = "<group>"; };
		BD4E8D787A68404D96264B38 /* libUdpSockets.a */ = {isa = PBXFileReference; explicitFileType = undefined; fileEncoding = 9; includeInIndex = 0; lastKnownFileType = archive.ar; path = libUdpSockets.a; sourceTree = "<group>"; };
		DAF7EACF6B594393AB324DCE /* libRNVectorIcons.a */ = {isa = PBXFileReference; explicitFileType = undefined; fileEncoding = 9; includeInIndex = 0; lastKnownFileType = archive.ar; path = libRNVectorIcons.a; sourceTree = "<group>"; };
		DB8C12D469844F34ABBA0A64 /* telldusicons.svg */ = {isa = PBXFileReference; explicitFileType = undefined; fileEncoding = 9; includeInIndex = 0; lastKnownFileType = unknown; name = telldusicons.svg; path = ../assets/fonts/telldusicons.svg; sourceTree = "<group>"; };
		DFFF079D6FE74233BAB019F1 /* Roboto-Light.ttf */ = {isa = PBXFileReference; explicitFileType = undefined; fileEncoding = 9; includeInIndex = 0; lastKnownFileType = unknown; name = "Roboto-Light.ttf"; path = "../assets/fonts/Roboto-Light.ttf"; sourceTree = "<group>"; };
		E3C5F7C8FDE3C261C5988FCF /* Pods-TelldusLiveApp.release.xcconfig */ = {isa = PBXFileReference; includeInIndex = 1; lastKnownFileType = text.xcconfig; name = "Pods-TelldusLiveApp.release.xcconfig"; path = "Pods/Target Support Files/Pods-TelldusLiveApp/Pods-TelldusLiveApp.release.xcconfig"; sourceTree = "<group>"; };
		F455C17D479C4210A202688C /* SFNS Display.ttf */ = {isa = PBXFileReference; explicitFileType = undefined; fileEncoding = 9; includeInIndex = 0; lastKnownFileType = unknown; name = "SFNS Display.ttf"; path = "../assets/fonts/SFNS Display.ttf"; sourceTree = "<group>"; };
		FED4ABDECE1A45289BE59CD1 /* telldusicons.woff */ = {isa = PBXFileReference; explicitFileType = undefined; fileEncoding = 9; includeInIndex = 0; lastKnownFileType = unknown; name = telldusicons.woff; path = ../assets/fonts/telldusicons.woff; sourceTree = "<group>"; };
/* End PBXFileReference section */

/* Begin PBXFrameworksBuildPhase section */
		13B07F8C1A680F5B00A75B9A /* Frameworks */ = {
			isa = PBXFrameworksBuildPhase;
			buildActionMask = 2147483647;
			files = (
				267ABE6020F78777006CD1B5 /* libRNSVG.a in Frameworks */,
				26C0E620205C181700E9AD6A /* libRNI18n.a in Frameworks */,
				ADBDB9381DFEBF1600ED6528 /* libRCTBlob.a in Frameworks */,
				146834051AC3E58100842450 /* libReact.a in Frameworks */,
				409837641F602515005E56A9 /* libRCTPushNotification.a in Frameworks */,
				144028A21EE6907D000945A3 /* libRCTAnimation.a in Frameworks */,
				00C302E51ABCBA2D00DB3ED1 /* libRCTActionSheet.a in Frameworks */,
				00C302E71ABCBA2D00DB3ED1 /* libRCTGeolocation.a in Frameworks */,
				00C302E81ABCBA2D00DB3ED1 /* libRCTImage.a in Frameworks */,
				133E29F31AD74F7200F7D852 /* libRCTLinking.a in Frameworks */,
				00C302E91ABCBA2D00DB3ED1 /* libRCTNetwork.a in Frameworks */,
				139105C61AF99C1200B5F7CC /* libRCTSettings.a in Frameworks */,
				832341BD1AAA6AB300B99B32 /* libRCTText.a in Frameworks */,
				00C302EA1ABCBA2D00DB3ED1 /* libRCTVibration.a in Frameworks */,
				139FDEF61B0652A700C62182 /* libRCTWebSocket.a in Frameworks */,
				A796F25C81DE46E0A81A31B8 /* libRNDeviceInfo.a in Frameworks */,
				CAAD62D4956A49EA96EC30FA /* libRCTOrientation.a in Frameworks */,
				34E11B4601B44855BF4069E4 /* libRNVectorIcons.a in Frameworks */,
				FF46E161818E9B5BE09583C2 /* libPods-TelldusLiveApp.a in Frameworks */,
				98FA87B1CC964159A5629AFF /* libSMXCrashlytics.a in Frameworks */,
				BD3450422506459CA03BAFFE /* libLRDRCTSimpleToast.a in Frameworks */,
				3FE220D60A2B4250A2DCBB84 /* libRNReactNativeAccessibility.a in Frameworks */,
				6849A4E963DC4D8985BFE7C3 /* libRNSensitiveInfo.a in Frameworks */,
				1CAD91FD650E4EE489715C21 /* libUdpSockets.a in Frameworks */,
				7008063F35A94AD09D95F9DD /* libRNRSA.a in Frameworks */,
			);
			runOnlyForDeploymentPostprocessing = 0;
		};
/* End PBXFrameworksBuildPhase section */

/* Begin PBXGroup section */
		00C302A81ABCB8CE00DB3ED1 /* Products */ = {
			isa = PBXGroup;
			children = (
				00C302AC1ABCB8CE00DB3ED1 /* libRCTActionSheet.a */,
			);
			name = Products;
			sourceTree = "<group>";
		};
		00C302B61ABCB90400DB3ED1 /* Products */ = {
			isa = PBXGroup;
			children = (
				00C302BA1ABCB90400DB3ED1 /* libRCTGeolocation.a */,
			);
			name = Products;
			sourceTree = "<group>";
		};
		00C302BC1ABCB91800DB3ED1 /* Products */ = {
			isa = PBXGroup;
			children = (
				00C302C01ABCB91800DB3ED1 /* libRCTImage.a */,
				4DEFC34A1DEB734500A0D59A /* libRCTImage-tvOS.a */,
			);
			name = Products;
			sourceTree = "<group>";
		};
		00C302D41ABCB9D200DB3ED1 /* Products */ = {
			isa = PBXGroup;
			children = (
				00C302DC1ABCB9D200DB3ED1 /* libRCTNetwork.a */,
				4DEFC3521DEB734500A0D59A /* libRCTNetwork-tvOS.a */,
			);
			name = Products;
			sourceTree = "<group>";
		};
		00C302E01ABCB9EE00DB3ED1 /* Products */ = {
			isa = PBXGroup;
			children = (
				00C302E41ABCB9EE00DB3ED1 /* libRCTVibration.a */,
			);
			name = Products;
			sourceTree = "<group>";
		};
		139105B71AF99BAD00B5F7CC /* Products */ = {
			isa = PBXGroup;
			children = (
				139105C11AF99BAD00B5F7CC /* libRCTSettings.a */,
				4DEFC3571DEB734500A0D59A /* libRCTSettings-tvOS.a */,
			);
			name = Products;
			sourceTree = "<group>";
		};
		139FDEE71B06529A00C62182 /* Products */ = {
			isa = PBXGroup;
			children = (
				139FDEF41B06529B00C62182 /* libRCTWebSocket.a */,
				4DEFC3601DEB734500A0D59A /* libRCTWebSocket-tvOS.a */,
				265DB0AF2058131C003B9B2A /* libfishhook.a */,
				265DB0B12058131C003B9B2A /* libfishhook-tvOS.a */,
			);
			name = Products;
			sourceTree = "<group>";
		};
		13B07FAE1A68108700A75B9A /* TelldusLiveApp */ = {
			isa = PBXGroup;
			children = (
				40D7C7691F73AB9C0078E086 /* LaunchScreen.storyboard */,
				409837E21F6140AE005E56A9 /* TelldusLiveApp.entitlements */,
				008F07F21AC5B25A0029DE68 /* main.jsbundle */,
				13B07FAF1A68108700A75B9A /* AppDelegate.h */,
				13B07FB01A68108700A75B9A /* AppDelegate.m */,
				13B07FB51A68108700A75B9A /* Images.xcassets */,
				13B07FB61A68108700A75B9A /* Info.plist */,
				13B07FB71A68108700A75B9A /* main.m */,
			);
			name = TelldusLiveApp;
			sourceTree = "<group>";
		};
		144028741EE69000000945A3 /* Products */ = {
			isa = PBXGroup;
			children = (
				1440287A1EE69001000945A3 /* libRCTAnimation.a */,
				1440287C1EE69001000945A3 /* libRCTAnimation.a */,
			);
			name = Products;
			sourceTree = "<group>";
		};
		146834001AC3E56700842450 /* Products */ = {
			isa = PBXGroup;
			children = (
				146834041AC3E56700842450 /* libReact.a */,
				265DB0C32058131C003B9B2A /* libReact.a */,
				144028951EE69001000945A3 /* libyoga.a */,
				3052375D1F0B93250046DE13 /* libyoga.a */,
				144028991EE69001000945A3 /* libcxxreact.a */,
				3052375F1F0B93250046DE13 /* libcxxreact.a */,
				1440289D1EE69001000945A3 /* libjschelpers.a */,
				305237611F0B93250046DE13 /* libjschelpers.a */,
				265DB0C52058131C003B9B2A /* libjsinspector.a */,
				265DB0C72058131C003B9B2A /* libjsinspector-tvOS.a */,
				265DB0C92058131C003B9B2A /* libthird-party.a */,
				265DB0CB2058131C003B9B2A /* libthird-party.a */,
				265DB0CD2058131C003B9B2A /* libdouble-conversion.a */,
				265DB0CF2058131C003B9B2A /* libdouble-conversion.a */,
				265DB0D12058131C003B9B2A /* libprivatedata.a */,
				265DB0D32058131C003B9B2A /* libprivatedata-tvOS.a */,
			);
			name = Products;
			sourceTree = "<group>";
		};
		261EF3C32097108500C78392 /* Products */ = {
			isa = PBXGroup;
			children = (
				261EF3C72097108600C78392 /* libUdpSockets.a */,
			);
			name = Products;
			sourceTree = "<group>";
		};
		265DB08E2058131B003B9B2A /* Products */ = {
			isa = PBXGroup;
			children = (
				265DB0DC2058131C003B9B2A /* libRNReactNativeAccessibility.a */,
			);
			name = Products;
			sourceTree = "<group>";
		};
		267ABE2620F78730006CD1B5 /* Products */ = {
			isa = PBXGroup;
			children = (
				267ABE5920F78730006CD1B5 /* libRNSVG.a */,
			);
			name = Products;
			sourceTree = "<group>";
		};
		26A5EEFF20918EC900A11C37 /* Products */ = {
			isa = PBXGroup;
			children = (
				26A5EF3120918EC900A11C37 /* libRNSensitiveInfo.a */,
			);
			name = Products;
			sourceTree = "<group>";
		};
		26C0E618205C17B600E9AD6A /* Products */ = {
			isa = PBXGroup;
			children = (
				26C0E61D205C17B700E9AD6A /* libRNI18n.a */,
				26C0E61F205C17B700E9AD6A /* libRNI18n-tvOS.a */,
			);
			name = Products;
			sourceTree = "<group>";
		};
		26DA5FD12045A238003FCA91 /* Recovered References */ = {
			isa = PBXGroup;
			children = (
				32D76CC4AAED4E2F94ADAE4F /* libRNDeviceInfo.a */,
				598B9ECEAE4E41CCAF3F07D3 /* libRCTOrientation.a */,
				DAF7EACF6B594393AB324DCE /* libRNVectorIcons.a */,
				23630B716BB84A33B8A4D6BD /* libRNI18n.a */,
				A59E17B346064409AF705800 /* libSMXCrashlytics.a */,
				67549022A05F434F8B812357 /* libLRDRCTSimpleToast.a */,
				34DA95593A1544E09D95F18F /* libRNReactNativeAccessibility.a */,
				B5E8B17FC3BC433DA0620A43 /* libRNSensitiveInfo.a */,
				BD4E8D787A68404D96264B38 /* libUdpSockets.a */,
				7C59689631C948E3A30CAA55 /* libRNRSA.a */,
			);
			name = "Recovered References";
			sourceTree = "<group>";
		};
		26F1F81D209B276400ADBBC0 /* Products */ = {
			isa = PBXGroup;
			children = (
				26F1F821209B276400ADBBC0 /* libRNRSA.a */,
			);
			name = Products;
			sourceTree = "<group>";
		};
		35B6E1CA58815496FB5B4C7C /* Pods */ = {
			isa = PBXGroup;
			children = (
				A6CE961F3EE90A0E326684E5 /* Pods-TelldusLiveApp.debug.xcconfig */,
				E3C5F7C8FDE3C261C5988FCF /* Pods-TelldusLiveApp.release.xcconfig */,
			);
			name = Pods;
			sourceTree = "<group>";
		};
		408824B41F100DE4007B3FF4 /* Products */ = {
			isa = PBXGroup;
			children = (
				408824D61F100DE4007B3FF4 /* libSMXCrashlytics.a */,
				265DB0E12058131C003B9B2A /* libSMXCrashlytics.a */,
			);
			name = Products;
			sourceTree = "<group>";
		};
		409837371F6024DB005E56A9 /* Products */ = {
			isa = PBXGroup;
			children = (
				4098373B1F6024DB005E56A9 /* libLRDRCTSimpleToast.a */,
			);
			name = Products;
			sourceTree = "<group>";
		};
		4098375C1F6024ED005E56A9 /* Products */ = {
			isa = PBXGroup;
			children = (
				409837611F6024EE005E56A9 /* libRCTPushNotification.a */,
				409837631F6024EE005E56A9 /* libRCTPushNotification-tvOS.a */,
			);
			name = Products;
			sourceTree = "<group>";
		};
		4D54D2061D49FE680067EF32 /* Products */ = {
			isa = PBXGroup;
			children = (
				4D54D2151D49FE680067EF32 /* libRNDeviceInfo.a */,
				265DB0D72058131C003B9B2A /* libRNDeviceInfo-tvOS.a */,
			);
			name = Products;
			sourceTree = "<group>";
		};
		4DC2DFEB1D48B782005DDEBD /* Products */ = {
			isa = PBXGroup;
			children = (
				4DC2E0001D48B782005DDEBD /* libRNVectorIcons.a */,
			);
			name = Products;
			sourceTree = "<group>";
		};
		4DDF27C71D4B44EC00816BB4 /* Products */ = {
			isa = PBXGroup;
			children = (
				4DDF27D11D4B44EC00816BB4 /* libRCTOrientation.a */,
			);
			name = Products;
			sourceTree = "<group>";
		};
		781835ED9F715997196DD9BD /* Frameworks */ = {
			isa = PBXGroup;
			children = (
				9E4E10C72947027C61D0AB0E /* libPods-TelldusLiveApp.a */,
			);
			name = Frameworks;
			sourceTree = "<group>";
		};
		78C398B11ACF4ADC00677621 /* Products */ = {
			isa = PBXGroup;
			children = (
				78C398B91ACF4ADC00677621 /* libRCTLinking.a */,
				4DEFC34E1DEB734500A0D59A /* libRCTLinking-tvOS.a */,
			);
			name = Products;
			sourceTree = "<group>";
		};
		832341AE1AAA6A7D00B99B32 /* Libraries */ = {
			isa = PBXGroup;
			children = (
				267ABE2520F78730006CD1B5 /* RNSVG.xcodeproj */,
				26C0E617205C17B600E9AD6A /* RNI18n.xcodeproj */,
				4098375B1F6024ED005E56A9 /* RCTPushNotification.xcodeproj */,
				144028731EE69000000945A3 /* RCTAnimation.xcodeproj */,
				146833FF1AC3E56700842450 /* React.xcodeproj */,
				00C302A71ABCB8CE00DB3ED1 /* RCTActionSheet.xcodeproj */,
				ADBDB91F1DFEBF0600ED6528 /* RCTBlob.xcodeproj */,
				00C302B51ABCB90400DB3ED1 /* RCTGeolocation.xcodeproj */,
				00C302BB1ABCB91800DB3ED1 /* RCTImage.xcodeproj */,
				78C398B01ACF4ADC00677621 /* RCTLinking.xcodeproj */,
				00C302D31ABCB9D200DB3ED1 /* RCTNetwork.xcodeproj */,
				139105B61AF99BAD00B5F7CC /* RCTSettings.xcodeproj */,
				832341B01AAA6A8300B99B32 /* RCTText.xcodeproj */,
				00C302DF1ABCB9EE00DB3ED1 /* RCTVibration.xcodeproj */,
				139FDEE61B06529A00C62182 /* RCTWebSocket.xcodeproj */,
				25A65B32BEBD4964AC8D3213 /* RNDeviceInfo.xcodeproj */,
				782E9B56DE244FAA94B95591 /* RCTOrientation.xcodeproj */,
				68822640B42549F2A32DDB65 /* RNVectorIcons.xcodeproj */,
				05015C29790F4F78A389A5F7 /* SMXCrashlytics.xcodeproj */,
				609A0D1A94684C4DB8A9D337 /* LRDRCTSimpleToast.xcodeproj */,
				844A2837C32542489912297B /* RNReactNativeAccessibility.xcodeproj */,
				670987F30A384DE4BDA09FD6 /* RNSensitiveInfo.xcodeproj */,
				1C903CA954FC4FBB9390E2AA /* UdpSockets.xcodeproj */,
				B4B40A8A593241268FE52652 /* RNRSA.xcodeproj */,
			);
			name = Libraries;
			sourceTree = "<group>";
		};
		832341B11AAA6A8300B99B32 /* Products */ = {
			isa = PBXGroup;
			children = (
				832341B51AAA6A8300B99B32 /* libRCTText.a */,
				4DEFC35B1DEB734500A0D59A /* libRCTText-tvOS.a */,
			);
			name = Products;
			sourceTree = "<group>";
		};
		83CBB9F61A601CBA00E9B192 = {
			isa = PBXGroup;
			children = (
				13B07FAE1A68108700A75B9A /* TelldusLiveApp */,
				832341AE1AAA6A7D00B99B32 /* Libraries */,
				83CBBA001A601CBA00E9B192 /* Products */,
				978DD6CDC2824ACE99408D92 /* Resources */,
				35B6E1CA58815496FB5B4C7C /* Pods */,
				781835ED9F715997196DD9BD /* Frameworks */,
				26DA5FD12045A238003FCA91 /* Recovered References */,
			);
			indentWidth = 2;
			sourceTree = "<group>";
			tabWidth = 2;
			usesTabs = 0;
		};
		83CBBA001A601CBA00E9B192 /* Products */ = {
			isa = PBXGroup;
			children = (
				13B07F961A680F5B00A75B9A /* TelldusLiveApp.app */,
			);
			name = Products;
			sourceTree = "<group>";
		};
		978DD6CDC2824ACE99408D92 /* Resources */ = {
			isa = PBXGroup;
			children = (
				26DA5FD32045A28C003FCA91 /* Roboto-Light.ttf */,
				26DA5FD42045A28D003FCA91 /* Roboto-Medium.ttf */,
				26DA5FD52045A28D003FCA91 /* Roboto-Regular.ttf */,
				26DA5FD22045A28C003FCA91 /* SFNS Display.ttf */,
				7DFA88390E0247E68C113126 /* Entypo.ttf */,
				8F593D0DBCA743F4997FEAF8 /* EvilIcons.ttf */,
				150121A613CD46DD95BDC072 /* FontAwesome.ttf */,
				93967CC4C9724316AFF74B50 /* Foundation.ttf */,
				1C21BE1378B742CEAA4DE981 /* Ionicons.ttf */,
				9BC2DF123914425BAD931A67 /* MaterialCommunityIcons.ttf */,
				23582646277C436FB236C344 /* MaterialIcons.ttf */,
				6E20A8C755144668BCAB540B /* Octicons.ttf */,
				B604CB39C11F43B48FD5A634 /* SimpleLineIcons.ttf */,
				B1D49054AB364C649FCD5506 /* Zocial.ttf */,
				AA4E203FFC8849A6989EDD54 /* telldusicons.ttf */,
				DB8C12D469844F34ABBA0A64 /* telldusicons.svg */,
				DFFF079D6FE74233BAB019F1 /* Roboto-Light.ttf */,
				882834547CB84ED98886796F /* Roboto-Medium.ttf */,
				5E2F044E48EA427F9C4A967C /* Roboto-Regular.ttf */,
				F455C17D479C4210A202688C /* SFNS Display.ttf */,
				FED4ABDECE1A45289BE59CD1 /* telldusicons.woff */,
			);
			name = Resources;
			sourceTree = "<group>";
		};
		ADBDB9201DFEBF0600ED6528 /* Products */ = {
			isa = PBXGroup;
			children = (
				ADBDB9271DFEBF0700ED6528 /* libRCTBlob.a */,
				265DB09A2058131C003B9B2A /* libRCTBlob-tvOS.a */,
			);
			name = Products;
			sourceTree = "<group>";
		};
/* End PBXGroup section */

/* Begin PBXNativeTarget section */
		13B07F861A680F5B00A75B9A /* TelldusLiveApp */ = {
			isa = PBXNativeTarget;
			buildConfigurationList = 13B07F931A680F5B00A75B9A /* Build configuration list for PBXNativeTarget "TelldusLiveApp" */;
			buildPhases = (
				811565FD9DF7088506EC7B92 /* [CP] Check Pods Manifest.lock */,
				13B07F871A680F5B00A75B9A /* Sources */,
				13B07F8C1A680F5B00A75B9A /* Frameworks */,
				13B07F8E1A680F5B00A75B9A /* Resources */,
				00DD1BFF1BD5951E006B06BC /* Bundle React Native code and images */,
				4C7F49FBFC42A30B5B74A457 /* [CP] Embed Pods Frameworks */,
				75919A3A010EF31D89777050 /* [CP] Copy Pods Resources */,
				408824E71F1010CF007B3FF4 /* Fabric */,
			);
			buildRules = (
			);
			dependencies = (
			);
			name = TelldusLiveApp;
			productName = "Hello World";
			productReference = 13B07F961A680F5B00A75B9A /* TelldusLiveApp.app */;
			productType = "com.apple.product-type.application";
		};
/* End PBXNativeTarget section */

/* Begin PBXProject section */
		83CBB9F71A601CBA00E9B192 /* Project object */ = {
			isa = PBXProject;
			attributes = {
				LastSwiftUpdateCheck = 800;
				LastUpgradeCheck = 830;
				ORGANIZATIONNAME = "Telldus Technologies AB";
				TargetAttributes = {
					13B07F861A680F5B00A75B9A = {
						DevelopmentTeam = M2879GJ5VD;
						DevelopmentTeamName = "Mark Andrews";
						ProvisioningStyle = Automatic;
						SystemCapabilities = {
							com.apple.Push = {
								enabled = 1;
							};
						};
					};
				};
			};
			buildConfigurationList = 83CBB9FA1A601CBA00E9B192 /* Build configuration list for PBXProject "TelldusLiveApp" */;
			compatibilityVersion = "Xcode 3.2";
			developmentRegion = English;
			hasScannedForEncodings = 0;
			knownRegions = (
				en,
				Base,
			);
			mainGroup = 83CBB9F61A601CBA00E9B192;
			productRefGroup = 83CBBA001A601CBA00E9B192 /* Products */;
			projectDirPath = "";
			projectReferences = (
				{
					ProductGroup = 409837371F6024DB005E56A9 /* Products */;
					ProjectRef = 609A0D1A94684C4DB8A9D337 /* LRDRCTSimpleToast.xcodeproj */;
				},
				{
					ProductGroup = 00C302A81ABCB8CE00DB3ED1 /* Products */;
					ProjectRef = 00C302A71ABCB8CE00DB3ED1 /* RCTActionSheet.xcodeproj */;
				},
				{
					ProductGroup = 144028741EE69000000945A3 /* Products */;
					ProjectRef = 144028731EE69000000945A3 /* RCTAnimation.xcodeproj */;
				},
				{
					ProductGroup = ADBDB9201DFEBF0600ED6528 /* Products */;
					ProjectRef = ADBDB91F1DFEBF0600ED6528 /* RCTBlob.xcodeproj */;
				},
				{
					ProductGroup = 00C302B61ABCB90400DB3ED1 /* Products */;
					ProjectRef = 00C302B51ABCB90400DB3ED1 /* RCTGeolocation.xcodeproj */;
				},
				{
					ProductGroup = 00C302BC1ABCB91800DB3ED1 /* Products */;
					ProjectRef = 00C302BB1ABCB91800DB3ED1 /* RCTImage.xcodeproj */;
				},
				{
					ProductGroup = 78C398B11ACF4ADC00677621 /* Products */;
					ProjectRef = 78C398B01ACF4ADC00677621 /* RCTLinking.xcodeproj */;
				},
				{
					ProductGroup = 00C302D41ABCB9D200DB3ED1 /* Products */;
					ProjectRef = 00C302D31ABCB9D200DB3ED1 /* RCTNetwork.xcodeproj */;
				},
				{
					ProductGroup = 4DDF27C71D4B44EC00816BB4 /* Products */;
					ProjectRef = 782E9B56DE244FAA94B95591 /* RCTOrientation.xcodeproj */;
				},
				{
					ProductGroup = 4098375C1F6024ED005E56A9 /* Products */;
					ProjectRef = 4098375B1F6024ED005E56A9 /* RCTPushNotification.xcodeproj */;
				},
				{
					ProductGroup = 139105B71AF99BAD00B5F7CC /* Products */;
					ProjectRef = 139105B61AF99BAD00B5F7CC /* RCTSettings.xcodeproj */;
				},
				{
					ProductGroup = 832341B11AAA6A8300B99B32 /* Products */;
					ProjectRef = 832341B01AAA6A8300B99B32 /* RCTText.xcodeproj */;
				},
				{
					ProductGroup = 00C302E01ABCB9EE00DB3ED1 /* Products */;
					ProjectRef = 00C302DF1ABCB9EE00DB3ED1 /* RCTVibration.xcodeproj */;
				},
				{
					ProductGroup = 139FDEE71B06529A00C62182 /* Products */;
					ProjectRef = 139FDEE61B06529A00C62182 /* RCTWebSocket.xcodeproj */;
				},
				{
					ProductGroup = 146834001AC3E56700842450 /* Products */;
					ProjectRef = 146833FF1AC3E56700842450 /* React.xcodeproj */;
				},
				{
					ProductGroup = 4D54D2061D49FE680067EF32 /* Products */;
					ProjectRef = 25A65B32BEBD4964AC8D3213 /* RNDeviceInfo.xcodeproj */;
				},
				{
					ProductGroup = 26C0E618205C17B600E9AD6A /* Products */;
					ProjectRef = 26C0E617205C17B600E9AD6A /* RNI18n.xcodeproj */;
				},
				{
					ProductGroup = 265DB08E2058131B003B9B2A /* Products */;
					ProjectRef = 844A2837C32542489912297B /* RNReactNativeAccessibility.xcodeproj */;
				},
				{
					ProductGroup = 26F1F81D209B276400ADBBC0 /* Products */;
					ProjectRef = B4B40A8A593241268FE52652 /* RNRSA.xcodeproj */;
				},
				{
					ProductGroup = 26A5EEFF20918EC900A11C37 /* Products */;
					ProjectRef = 670987F30A384DE4BDA09FD6 /* RNSensitiveInfo.xcodeproj */;
				},
				{
					ProductGroup = 267ABE2620F78730006CD1B5 /* Products */;
					ProjectRef = 267ABE2520F78730006CD1B5 /* RNSVG.xcodeproj */;
				},
				{
					ProductGroup = 4DC2DFEB1D48B782005DDEBD /* Products */;
					ProjectRef = 68822640B42549F2A32DDB65 /* RNVectorIcons.xcodeproj */;
				},
				{
					ProductGroup = 408824B41F100DE4007B3FF4 /* Products */;
					ProjectRef = 05015C29790F4F78A389A5F7 /* SMXCrashlytics.xcodeproj */;
				},
				{
					ProductGroup = 261EF3C32097108500C78392 /* Products */;
					ProjectRef = 1C903CA954FC4FBB9390E2AA /* UdpSockets.xcodeproj */;
				},
			);
			projectRoot = "";
			targets = (
				13B07F861A680F5B00A75B9A /* TelldusLiveApp */,
			);
		};
/* End PBXProject section */

/* Begin PBXReferenceProxy section */
		00C302AC1ABCB8CE00DB3ED1 /* libRCTActionSheet.a */ = {
			isa = PBXReferenceProxy;
			fileType = archive.ar;
			path = libRCTActionSheet.a;
			remoteRef = 00C302AB1ABCB8CE00DB3ED1 /* PBXContainerItemProxy */;
			sourceTree = BUILT_PRODUCTS_DIR;
		};
		00C302BA1ABCB90400DB3ED1 /* libRCTGeolocation.a */ = {
			isa = PBXReferenceProxy;
			fileType = archive.ar;
			path = libRCTGeolocation.a;
			remoteRef = 00C302B91ABCB90400DB3ED1 /* PBXContainerItemProxy */;
			sourceTree = BUILT_PRODUCTS_DIR;
		};
		00C302C01ABCB91800DB3ED1 /* libRCTImage.a */ = {
			isa = PBXReferenceProxy;
			fileType = archive.ar;
			path = libRCTImage.a;
			remoteRef = 00C302BF1ABCB91800DB3ED1 /* PBXContainerItemProxy */;
			sourceTree = BUILT_PRODUCTS_DIR;
		};
		00C302DC1ABCB9D200DB3ED1 /* libRCTNetwork.a */ = {
			isa = PBXReferenceProxy;
			fileType = archive.ar;
			path = libRCTNetwork.a;
			remoteRef = 00C302DB1ABCB9D200DB3ED1 /* PBXContainerItemProxy */;
			sourceTree = BUILT_PRODUCTS_DIR;
		};
		00C302E41ABCB9EE00DB3ED1 /* libRCTVibration.a */ = {
			isa = PBXReferenceProxy;
			fileType = archive.ar;
			path = libRCTVibration.a;
			remoteRef = 00C302E31ABCB9EE00DB3ED1 /* PBXContainerItemProxy */;
			sourceTree = BUILT_PRODUCTS_DIR;
		};
		139105C11AF99BAD00B5F7CC /* libRCTSettings.a */ = {
			isa = PBXReferenceProxy;
			fileType = archive.ar;
			path = libRCTSettings.a;
			remoteRef = 139105C01AF99BAD00B5F7CC /* PBXContainerItemProxy */;
			sourceTree = BUILT_PRODUCTS_DIR;
		};
		139FDEF41B06529B00C62182 /* libRCTWebSocket.a */ = {
			isa = PBXReferenceProxy;
			fileType = archive.ar;
			path = libRCTWebSocket.a;
			remoteRef = 139FDEF31B06529B00C62182 /* PBXContainerItemProxy */;
			sourceTree = BUILT_PRODUCTS_DIR;
		};
		1440287A1EE69001000945A3 /* libRCTAnimation.a */ = {
			isa = PBXReferenceProxy;
			fileType = archive.ar;
			path = libRCTAnimation.a;
			remoteRef = 144028791EE69001000945A3 /* PBXContainerItemProxy */;
			sourceTree = BUILT_PRODUCTS_DIR;
		};
		1440287C1EE69001000945A3 /* libRCTAnimation.a */ = {
			isa = PBXReferenceProxy;
			fileType = archive.ar;
			path = libRCTAnimation.a;
			remoteRef = 1440287B1EE69001000945A3 /* PBXContainerItemProxy */;
			sourceTree = BUILT_PRODUCTS_DIR;
		};
		144028951EE69001000945A3 /* libyoga.a */ = {
			isa = PBXReferenceProxy;
			fileType = archive.ar;
			path = libyoga.a;
			remoteRef = 144028941EE69001000945A3 /* PBXContainerItemProxy */;
			sourceTree = BUILT_PRODUCTS_DIR;
		};
		144028991EE69001000945A3 /* libcxxreact.a */ = {
			isa = PBXReferenceProxy;
			fileType = archive.ar;
			path = libcxxreact.a;
			remoteRef = 144028981EE69001000945A3 /* PBXContainerItemProxy */;
			sourceTree = BUILT_PRODUCTS_DIR;
		};
		1440289D1EE69001000945A3 /* libjschelpers.a */ = {
			isa = PBXReferenceProxy;
			fileType = archive.ar;
			path = libjschelpers.a;
			remoteRef = 1440289C1EE69001000945A3 /* PBXContainerItemProxy */;
			sourceTree = BUILT_PRODUCTS_DIR;
		};
		146834041AC3E56700842450 /* libReact.a */ = {
			isa = PBXReferenceProxy;
			fileType = archive.ar;
			path = libReact.a;
			remoteRef = 146834031AC3E56700842450 /* PBXContainerItemProxy */;
			sourceTree = BUILT_PRODUCTS_DIR;
		};
		261EF3C72097108600C78392 /* libUdpSockets.a */ = {
			isa = PBXReferenceProxy;
			fileType = archive.ar;
			path = libUdpSockets.a;
			remoteRef = 261EF3C62097108600C78392 /* PBXContainerItemProxy */;
			sourceTree = BUILT_PRODUCTS_DIR;
		};
		265DB09A2058131C003B9B2A /* libRCTBlob-tvOS.a */ = {
			isa = PBXReferenceProxy;
			fileType = archive.ar;
			path = "libRCTBlob-tvOS.a";
			remoteRef = 265DB0992058131C003B9B2A /* PBXContainerItemProxy */;
			sourceTree = BUILT_PRODUCTS_DIR;
		};
		265DB0AF2058131C003B9B2A /* libfishhook.a */ = {
			isa = PBXReferenceProxy;
			fileType = archive.ar;
			path = libfishhook.a;
			remoteRef = 265DB0AE2058131C003B9B2A /* PBXContainerItemProxy */;
			sourceTree = BUILT_PRODUCTS_DIR;
		};
		265DB0B12058131C003B9B2A /* libfishhook-tvOS.a */ = {
			isa = PBXReferenceProxy;
			fileType = archive.ar;
			path = "libfishhook-tvOS.a";
			remoteRef = 265DB0B02058131C003B9B2A /* PBXContainerItemProxy */;
			sourceTree = BUILT_PRODUCTS_DIR;
		};
		265DB0C32058131C003B9B2A /* libReact.a */ = {
			isa = PBXReferenceProxy;
			fileType = archive.ar;
			path = libReact.a;
			remoteRef = 265DB0C22058131C003B9B2A /* PBXContainerItemProxy */;
			sourceTree = BUILT_PRODUCTS_DIR;
		};
		265DB0C52058131C003B9B2A /* libjsinspector.a */ = {
			isa = PBXReferenceProxy;
			fileType = archive.ar;
			path = libjsinspector.a;
			remoteRef = 265DB0C42058131C003B9B2A /* PBXContainerItemProxy */;
			sourceTree = BUILT_PRODUCTS_DIR;
		};
		265DB0C72058131C003B9B2A /* libjsinspector-tvOS.a */ = {
			isa = PBXReferenceProxy;
			fileType = archive.ar;
			path = "libjsinspector-tvOS.a";
			remoteRef = 265DB0C62058131C003B9B2A /* PBXContainerItemProxy */;
			sourceTree = BUILT_PRODUCTS_DIR;
		};
		265DB0C92058131C003B9B2A /* libthird-party.a */ = {
			isa = PBXReferenceProxy;
			fileType = archive.ar;
			path = "libthird-party.a";
			remoteRef = 265DB0C82058131C003B9B2A /* PBXContainerItemProxy */;
			sourceTree = BUILT_PRODUCTS_DIR;
		};
		265DB0CB2058131C003B9B2A /* libthird-party.a */ = {
			isa = PBXReferenceProxy;
			fileType = archive.ar;
			path = "libthird-party.a";
			remoteRef = 265DB0CA2058131C003B9B2A /* PBXContainerItemProxy */;
			sourceTree = BUILT_PRODUCTS_DIR;
		};
		265DB0CD2058131C003B9B2A /* libdouble-conversion.a */ = {
			isa = PBXReferenceProxy;
			fileType = archive.ar;
			path = "libdouble-conversion.a";
			remoteRef = 265DB0CC2058131C003B9B2A /* PBXContainerItemProxy */;
			sourceTree = BUILT_PRODUCTS_DIR;
		};
		265DB0CF2058131C003B9B2A /* libdouble-conversion.a */ = {
			isa = PBXReferenceProxy;
			fileType = archive.ar;
			path = "libdouble-conversion.a";
			remoteRef = 265DB0CE2058131C003B9B2A /* PBXContainerItemProxy */;
			sourceTree = BUILT_PRODUCTS_DIR;
		};
		265DB0D12058131C003B9B2A /* libprivatedata.a */ = {
			isa = PBXReferenceProxy;
			fileType = archive.ar;
			path = libprivatedata.a;
			remoteRef = 265DB0D02058131C003B9B2A /* PBXContainerItemProxy */;
			sourceTree = BUILT_PRODUCTS_DIR;
		};
		265DB0D32058131C003B9B2A /* libprivatedata-tvOS.a */ = {
			isa = PBXReferenceProxy;
			fileType = archive.ar;
			path = "libprivatedata-tvOS.a";
			remoteRef = 265DB0D22058131C003B9B2A /* PBXContainerItemProxy */;
			sourceTree = BUILT_PRODUCTS_DIR;
		};
		265DB0D72058131C003B9B2A /* libRNDeviceInfo-tvOS.a */ = {
			isa = PBXReferenceProxy;
			fileType = archive.ar;
			path = "libRNDeviceInfo-tvOS.a";
			remoteRef = 265DB0D62058131C003B9B2A /* PBXContainerItemProxy */;
			sourceTree = BUILT_PRODUCTS_DIR;
		};
		265DB0DC2058131C003B9B2A /* libRNReactNativeAccessibility.a */ = {
			isa = PBXReferenceProxy;
			fileType = archive.ar;
			path = libRNReactNativeAccessibility.a;
			remoteRef = 265DB0DB2058131C003B9B2A /* PBXContainerItemProxy */;
			sourceTree = BUILT_PRODUCTS_DIR;
		};
		265DB0E12058131C003B9B2A /* libSMXCrashlytics.a */ = {
			isa = PBXReferenceProxy;
			fileType = archive.ar;
			path = libSMXCrashlytics.a;
			remoteRef = 265DB0E02058131C003B9B2A /* PBXContainerItemProxy */;
			sourceTree = BUILT_PRODUCTS_DIR;
		};
		267ABE5920F78730006CD1B5 /* libRNSVG.a */ = {
			isa = PBXReferenceProxy;
			fileType = archive.ar;
			path = libRNSVG.a;
			remoteRef = 267ABE5820F78730006CD1B5 /* PBXContainerItemProxy */;
			sourceTree = BUILT_PRODUCTS_DIR;
		};
		26A5EF3120918EC900A11C37 /* libRNSensitiveInfo.a */ = {
			isa = PBXReferenceProxy;
			fileType = archive.ar;
			path = libRNSensitiveInfo.a;
			remoteRef = 26A5EF3020918EC900A11C37 /* PBXContainerItemProxy */;
			sourceTree = BUILT_PRODUCTS_DIR;
		};
		26C0E61D205C17B700E9AD6A /* libRNI18n.a */ = {
			isa = PBXReferenceProxy;
			fileType = archive.ar;
			path = libRNI18n.a;
			remoteRef = 26C0E61C205C17B700E9AD6A /* PBXContainerItemProxy */;
			sourceTree = BUILT_PRODUCTS_DIR;
		};
		26C0E61F205C17B700E9AD6A /* libRNI18n-tvOS.a */ = {
			isa = PBXReferenceProxy;
			fileType = archive.ar;
			path = "libRNI18n-tvOS.a";
			remoteRef = 26C0E61E205C17B700E9AD6A /* PBXContainerItemProxy */;
			sourceTree = BUILT_PRODUCTS_DIR;
		};
		26F1F821209B276400ADBBC0 /* libRNRSA.a */ = {
			isa = PBXReferenceProxy;
			fileType = archive.ar;
			path = libRNRSA.a;
			remoteRef = 26F1F820209B276400ADBBC0 /* PBXContainerItemProxy */;
			sourceTree = BUILT_PRODUCTS_DIR;
		};
		3052375D1F0B93250046DE13 /* libyoga.a */ = {
			isa = PBXReferenceProxy;
			fileType = archive.ar;
			path = libyoga.a;
			remoteRef = 3052375C1F0B93250046DE13 /* PBXContainerItemProxy */;
			sourceTree = BUILT_PRODUCTS_DIR;
		};
		3052375F1F0B93250046DE13 /* libcxxreact.a */ = {
			isa = PBXReferenceProxy;
			fileType = archive.ar;
			path = libcxxreact.a;
			remoteRef = 3052375E1F0B93250046DE13 /* PBXContainerItemProxy */;
			sourceTree = BUILT_PRODUCTS_DIR;
		};
		305237611F0B93250046DE13 /* libjschelpers.a */ = {
			isa = PBXReferenceProxy;
			fileType = archive.ar;
			path = libjschelpers.a;
			remoteRef = 305237601F0B93250046DE13 /* PBXContainerItemProxy */;
			sourceTree = BUILT_PRODUCTS_DIR;
		};
		408824D61F100DE4007B3FF4 /* libSMXCrashlytics.a */ = {
			isa = PBXReferenceProxy;
			fileType = archive.ar;
			path = libSMXCrashlytics.a;
			remoteRef = 408824D51F100DE4007B3FF4 /* PBXContainerItemProxy */;
			sourceTree = BUILT_PRODUCTS_DIR;
		};
		4098373B1F6024DB005E56A9 /* libLRDRCTSimpleToast.a */ = {
			isa = PBXReferenceProxy;
			fileType = archive.ar;
			path = libLRDRCTSimpleToast.a;
			remoteRef = 4098373A1F6024DB005E56A9 /* PBXContainerItemProxy */;
			sourceTree = BUILT_PRODUCTS_DIR;
		};
		409837611F6024EE005E56A9 /* libRCTPushNotification.a */ = {
			isa = PBXReferenceProxy;
			fileType = archive.ar;
			path = libRCTPushNotification.a;
			remoteRef = 409837601F6024EE005E56A9 /* PBXContainerItemProxy */;
			sourceTree = BUILT_PRODUCTS_DIR;
		};
		409837631F6024EE005E56A9 /* libRCTPushNotification-tvOS.a */ = {
			isa = PBXReferenceProxy;
			fileType = archive.ar;
			path = "libRCTPushNotification-tvOS.a";
			remoteRef = 409837621F6024EE005E56A9 /* PBXContainerItemProxy */;
			sourceTree = BUILT_PRODUCTS_DIR;
		};
		4D54D2151D49FE680067EF32 /* libRNDeviceInfo.a */ = {
			isa = PBXReferenceProxy;
			fileType = archive.ar;
			path = libRNDeviceInfo.a;
			remoteRef = 4D54D2141D49FE680067EF32 /* PBXContainerItemProxy */;
			sourceTree = BUILT_PRODUCTS_DIR;
		};
		4DC2E0001D48B782005DDEBD /* libRNVectorIcons.a */ = {
			isa = PBXReferenceProxy;
			fileType = archive.ar;
			path = libRNVectorIcons.a;
			remoteRef = 4DC2DFFF1D48B782005DDEBD /* PBXContainerItemProxy */;
			sourceTree = BUILT_PRODUCTS_DIR;
		};
		4DDF27D11D4B44EC00816BB4 /* libRCTOrientation.a */ = {
			isa = PBXReferenceProxy;
			fileType = archive.ar;
			path = libRCTOrientation.a;
			remoteRef = 4DDF27D01D4B44EC00816BB4 /* PBXContainerItemProxy */;
			sourceTree = BUILT_PRODUCTS_DIR;
		};
		4DEFC34A1DEB734500A0D59A /* libRCTImage-tvOS.a */ = {
			isa = PBXReferenceProxy;
			fileType = archive.ar;
			path = "libRCTImage-tvOS.a";
			remoteRef = 4DEFC3491DEB734500A0D59A /* PBXContainerItemProxy */;
			sourceTree = BUILT_PRODUCTS_DIR;
		};
		4DEFC34E1DEB734500A0D59A /* libRCTLinking-tvOS.a */ = {
			isa = PBXReferenceProxy;
			fileType = archive.ar;
			path = "libRCTLinking-tvOS.a";
			remoteRef = 4DEFC34D1DEB734500A0D59A /* PBXContainerItemProxy */;
			sourceTree = BUILT_PRODUCTS_DIR;
		};
		4DEFC3521DEB734500A0D59A /* libRCTNetwork-tvOS.a */ = {
			isa = PBXReferenceProxy;
			fileType = archive.ar;
			path = "libRCTNetwork-tvOS.a";
			remoteRef = 4DEFC3511DEB734500A0D59A /* PBXContainerItemProxy */;
			sourceTree = BUILT_PRODUCTS_DIR;
		};
		4DEFC3571DEB734500A0D59A /* libRCTSettings-tvOS.a */ = {
			isa = PBXReferenceProxy;
			fileType = archive.ar;
			path = "libRCTSettings-tvOS.a";
			remoteRef = 4DEFC3561DEB734500A0D59A /* PBXContainerItemProxy */;
			sourceTree = BUILT_PRODUCTS_DIR;
		};
		4DEFC35B1DEB734500A0D59A /* libRCTText-tvOS.a */ = {
			isa = PBXReferenceProxy;
			fileType = archive.ar;
			path = "libRCTText-tvOS.a";
			remoteRef = 4DEFC35A1DEB734500A0D59A /* PBXContainerItemProxy */;
			sourceTree = BUILT_PRODUCTS_DIR;
		};
		4DEFC3601DEB734500A0D59A /* libRCTWebSocket-tvOS.a */ = {
			isa = PBXReferenceProxy;
			fileType = archive.ar;
			path = "libRCTWebSocket-tvOS.a";
			remoteRef = 4DEFC35F1DEB734500A0D59A /* PBXContainerItemProxy */;
			sourceTree = BUILT_PRODUCTS_DIR;
		};
		78C398B91ACF4ADC00677621 /* libRCTLinking.a */ = {
			isa = PBXReferenceProxy;
			fileType = archive.ar;
			path = libRCTLinking.a;
			remoteRef = 78C398B81ACF4ADC00677621 /* PBXContainerItemProxy */;
			sourceTree = BUILT_PRODUCTS_DIR;
		};
		832341B51AAA6A8300B99B32 /* libRCTText.a */ = {
			isa = PBXReferenceProxy;
			fileType = archive.ar;
			path = libRCTText.a;
			remoteRef = 832341B41AAA6A8300B99B32 /* PBXContainerItemProxy */;
			sourceTree = BUILT_PRODUCTS_DIR;
		};
		ADBDB9271DFEBF0700ED6528 /* libRCTBlob.a */ = {
			isa = PBXReferenceProxy;
			fileType = archive.ar;
			path = libRCTBlob.a;
			remoteRef = ADBDB9261DFEBF0700ED6528 /* PBXContainerItemProxy */;
			sourceTree = BUILT_PRODUCTS_DIR;
		};
/* End PBXReferenceProxy section */

/* Begin PBXResourcesBuildPhase section */
		13B07F8E1A680F5B00A75B9A /* Resources */ = {
			isa = PBXResourcesBuildPhase;
			buildActionMask = 2147483647;
			files = (
				13B07FBF1A68108700A75B9A /* Images.xcassets in Resources */,
				D2986F407B4048AC96288B60 /* FontAwesome.ttf in Resources */,
				F833995608B34A6AA1968135 /* Entypo.ttf in Resources */,
				28061C46E49841668FDE1C6C /* EvilIcons.ttf in Resources */,
				DC98AE9FD1CA4A448FC5C87D /* Foundation.ttf in Resources */,
				0150E3FA26654BE1804A1F66 /* Ionicons.ttf in Resources */,
				044C3D662ED641A9992CF8FF /* MaterialCommunityIcons.ttf in Resources */,
				A17FFBC3ED7A45A28EE23A2E /* MaterialIcons.ttf in Resources */,
				36DB5485CDAA4D30BC3A8AE2 /* Octicons.ttf in Resources */,
				8A0C59785D134F67BFBC177A /* SimpleLineIcons.ttf in Resources */,
				40D7C76A1F73AB9C0078E086 /* LaunchScreen.storyboard in Resources */,
				30E6894E35F74445A4F6F35B /* Zocial.ttf in Resources */,
				E01A717BB6604D8D8C4C0CA0 /* telldusicons.ttf in Resources */,
				68CC7CCADF574C7AB546E29B /* telldusicons.svg in Resources */,
				DD7823359AB84A89988A5D47 /* Roboto-Light.ttf in Resources */,
				695CAC4B3F4E464D989EC4D2 /* Roboto-Medium.ttf in Resources */,
				794DAA9AEBAE4A7291C53EB5 /* Roboto-Regular.ttf in Resources */,
				59F114B4AC654FA7AAF457B4 /* SFNS Display.ttf in Resources */,
				AD9B7A84CF90483DA832A7FB /* telldusicons.woff in Resources */,
			);
			runOnlyForDeploymentPostprocessing = 0;
		};
/* End PBXResourcesBuildPhase section */

/* Begin PBXShellScriptBuildPhase section */
		00DD1BFF1BD5951E006B06BC /* Bundle React Native code and images */ = {
			isa = PBXShellScriptBuildPhase;
			buildActionMask = 2147483647;
			files = (
			);
			inputPaths = (
			);
			name = "Bundle React Native code and images";
			outputPaths = (
			);
			runOnlyForDeploymentPostprocessing = 0;
			shellPath = /bin/sh;
			shellScript = "export NODE_BINARY=node\n../node_modules/react-native/scripts/react-native-xcode.sh";
		};
		408824E71F1010CF007B3FF4 /* Fabric */ = {
			isa = PBXShellScriptBuildPhase;
			buildActionMask = 2147483647;
			files = (
			);
			inputPaths = (
			);
			name = Fabric;
			outputPaths = (
			);
			runOnlyForDeploymentPostprocessing = 0;
			shellPath = /bin/sh;
			shellScript = "\"${PODS_ROOT}/Fabric/run\" 6ddcb9201beba571821a466b7b634103262d6903 1e0f4b2f91bd434ab1b65e09615545c3454314c8373315d27d42185004889b1d";
		};
		4C7F49FBFC42A30B5B74A457 /* [CP] Embed Pods Frameworks */ = {
			isa = PBXShellScriptBuildPhase;
			buildActionMask = 2147483647;
			files = (
			);
			inputPaths = (
			);
			name = "[CP] Embed Pods Frameworks";
			outputPaths = (
			);
			runOnlyForDeploymentPostprocessing = 0;
			shellPath = /bin/sh;
			shellScript = "\"${SRCROOT}/Pods/Target Support Files/Pods-TelldusLiveApp/Pods-TelldusLiveApp-frameworks.sh\"\n";
			showEnvVarsInLog = 0;
		};
		75919A3A010EF31D89777050 /* [CP] Copy Pods Resources */ = {
			isa = PBXShellScriptBuildPhase;
			buildActionMask = 2147483647;
			files = (
			);
			inputPaths = (
			);
			name = "[CP] Copy Pods Resources";
			outputPaths = (
			);
			runOnlyForDeploymentPostprocessing = 0;
			shellPath = /bin/sh;
			shellScript = "\"${SRCROOT}/Pods/Target Support Files/Pods-TelldusLiveApp/Pods-TelldusLiveApp-resources.sh\"\n";
			showEnvVarsInLog = 0;
		};
		811565FD9DF7088506EC7B92 /* [CP] Check Pods Manifest.lock */ = {
			isa = PBXShellScriptBuildPhase;
			buildActionMask = 2147483647;
			files = (
			);
			inputPaths = (
			);
			name = "[CP] Check Pods Manifest.lock";
			outputPaths = (
			);
			runOnlyForDeploymentPostprocessing = 0;
			shellPath = /bin/sh;
			shellScript = "diff \"${PODS_PODFILE_DIR_PATH}/Podfile.lock\" \"${PODS_ROOT}/Manifest.lock\" > /dev/null\nif [ $? != 0 ] ; then\n    # print error to STDERR\n    echo \"error: The sandbox is not in sync with the Podfile.lock. Run 'pod install' or update your CocoaPods installation.\" >&2\n    exit 1\nfi\n";
			showEnvVarsInLog = 0;
		};
/* End PBXShellScriptBuildPhase section */

/* Begin PBXSourcesBuildPhase section */
		13B07F871A680F5B00A75B9A /* Sources */ = {
			isa = PBXSourcesBuildPhase;
			buildActionMask = 2147483647;
			files = (
				13B07FBC1A68108700A75B9A /* AppDelegate.m in Sources */,
				13B07FC11A68108700A75B9A /* main.m in Sources */,
			);
			runOnlyForDeploymentPostprocessing = 0;
		};
/* End PBXSourcesBuildPhase section */

/* Begin XCBuildConfiguration section */
		13B07F941A680F5B00A75B9A /* Debug */ = {
			isa = XCBuildConfiguration;
			baseConfigurationReference = A6CE961F3EE90A0E326684E5 /* Pods-TelldusLiveApp.debug.xcconfig */;
			buildSettings = {
				ASSETCATALOG_COMPILER_APPICON_NAME = AppIcon;
				CODE_SIGN_ENTITLEMENTS = TelldusLiveApp/TelldusLiveApp.entitlements;
				CURRENT_PROJECT_VERSION = 1;
				DEAD_CODE_STRIPPING = NO;
				DEVELOPMENT_TEAM = M2879GJ5VD;
				HEADER_SEARCH_PATHS = (
					"$(inherited)",
					"$(SRCROOT)/../node_modules/react-native-device-info/RNDeviceInfo",
					"$(SRCROOT)/../node_modules/react-native-orientation/iOS/RCTOrientation/**",
					"$(SRCROOT)/../node_modules/react-native-vector-icons/RNVectorIconsManager",
					"$(SRCROOT)/../node_modules/react-native-i18n/RNI18n",
					"$(SRCROOT)/../node_modules/react-native-fabric/ios/SMXCrashlytics",
					"$(SRCROOT)/../node_modules/react-native-simple-toast/ios/LRDRCTSimpleToast",
					"$(SRCROOT)/../node_modules/react-native-accessibility/ios",
					"$(SRCROOT)/../node_modules/react-native-sensitive-info/ios/RNSensitiveInfo/**",
					"$(SRCROOT)/../node_modules/react-native-udp/ios/**",
					"$(SRCROOT)/../node_modules/react-native-rsa-native/ios",
				);
				INFOPLIST_FILE = TelldusLiveApp/Info.plist;
				IPHONEOS_DEPLOYMENT_TARGET = 8.0;
				LD_RUNPATH_SEARCH_PATHS = "$(inherited) @executable_path/Frameworks";
				LIBRARY_SEARCH_PATHS = (
					"$(inherited)",
					"\"$(SRCROOT)/TelldusLiveApp\"",
					"\"$(SRCROOT)/TelldusLiveApp\"",
				);
				OTHER_LDFLAGS = (
					"$(inherited)",
					"-ObjC",
					"-lc++",
				);
				PRODUCT_BUNDLE_IDENTIFIER = com.telldus.live.mobile;
				PRODUCT_NAME = TelldusLiveApp;
				TARGETED_DEVICE_FAMILY = "1,2";
				VERSIONING_SYSTEM = "apple-generic";
			};
			name = Debug;
		};
		13B07F951A680F5B00A75B9A /* Release */ = {
			isa = XCBuildConfiguration;
			baseConfigurationReference = E3C5F7C8FDE3C261C5988FCF /* Pods-TelldusLiveApp.release.xcconfig */;
			buildSettings = {
				ASSETCATALOG_COMPILER_APPICON_NAME = AppIcon;
				CODE_SIGN_ENTITLEMENTS = TelldusLiveApp/TelldusLiveApp.entitlements;
				CURRENT_PROJECT_VERSION = 1;
				DEVELOPMENT_TEAM = M2879GJ5VD;
				HEADER_SEARCH_PATHS = (
					"$(inherited)",
					"$(SRCROOT)/../node_modules/react-native-device-info/RNDeviceInfo",
					"$(SRCROOT)/../node_modules/react-native-orientation/iOS/RCTOrientation/**",
					"$(SRCROOT)/../node_modules/react-native-vector-icons/RNVectorIconsManager",
					"$(SRCROOT)/../node_modules/react-native-i18n/RNI18n",
					"$(SRCROOT)/../node_modules/react-native-fabric/ios/SMXCrashlytics",
					"$(SRCROOT)/../node_modules/react-native-simple-toast/ios/LRDRCTSimpleToast",
					"$(SRCROOT)/../node_modules/react-native-accessibility/ios",
					"$(SRCROOT)/../node_modules/react-native-sensitive-info/ios/RNSensitiveInfo/**",
					"$(SRCROOT)/../node_modules/react-native-udp/ios/**",
					"$(SRCROOT)/../node_modules/react-native-rsa-native/ios",
				);
				INFOPLIST_FILE = TelldusLiveApp/Info.plist;
				IPHONEOS_DEPLOYMENT_TARGET = 8.0;
				LD_RUNPATH_SEARCH_PATHS = "$(inherited) @executable_path/Frameworks";
				LIBRARY_SEARCH_PATHS = (
					"$(inherited)",
					"\"$(SRCROOT)/TelldusLiveApp\"",
					"\"$(SRCROOT)/TelldusLiveApp\"",
				);
				OTHER_LDFLAGS = (
					"$(inherited)",
					"-ObjC",
					"-lc++",
				);
				PRODUCT_BUNDLE_IDENTIFIER = com.telldus.live.mobile;
				PRODUCT_NAME = TelldusLiveApp;
				TARGETED_DEVICE_FAMILY = "1,2";
				VERSIONING_SYSTEM = "apple-generic";
			};
			name = Release;
		};
		83CBBA201A601CBA00E9B192 /* Debug */ = {
			isa = XCBuildConfiguration;
			buildSettings = {
				ALWAYS_SEARCH_USER_PATHS = NO;
				CLANG_CXX_LANGUAGE_STANDARD = "gnu++0x";
				CLANG_CXX_LIBRARY = "libc++";
				CLANG_ENABLE_MODULES = YES;
				CLANG_ENABLE_OBJC_ARC = YES;
				CLANG_WARN_BOOL_CONVERSION = YES;
				CLANG_WARN_CONSTANT_CONVERSION = YES;
				CLANG_WARN_DIRECT_OBJC_ISA_USAGE = YES_ERROR;
				CLANG_WARN_EMPTY_BODY = YES;
				CLANG_WARN_ENUM_CONVERSION = YES;
				CLANG_WARN_INFINITE_RECURSION = YES;
				CLANG_WARN_INT_CONVERSION = YES;
				CLANG_WARN_OBJC_ROOT_CLASS = YES_ERROR;
				CLANG_WARN_SUSPICIOUS_MOVE = YES;
				CLANG_WARN_UNREACHABLE_CODE = YES;
				CLANG_WARN__DUPLICATE_METHOD_MATCH = YES;
				"CODE_SIGN_IDENTITY[sdk=iphoneos*]" = "iPhone Developer";
				COPY_PHASE_STRIP = NO;
				ENABLE_STRICT_OBJC_MSGSEND = YES;
				ENABLE_TESTABILITY = YES;
				GCC_C_LANGUAGE_STANDARD = gnu99;
				GCC_DYNAMIC_NO_PIC = NO;
				GCC_NO_COMMON_BLOCKS = YES;
				GCC_OPTIMIZATION_LEVEL = 0;
				GCC_PREPROCESSOR_DEFINITIONS = (
					"DEBUG=1",
					"$(inherited)",
				);
				GCC_SYMBOLS_PRIVATE_EXTERN = NO;
				GCC_WARN_64_TO_32_BIT_CONVERSION = YES;
				GCC_WARN_ABOUT_RETURN_TYPE = YES_ERROR;
				GCC_WARN_UNDECLARED_SELECTOR = YES;
				GCC_WARN_UNINITIALIZED_AUTOS = YES_AGGRESSIVE;
				GCC_WARN_UNUSED_FUNCTION = YES;
				GCC_WARN_UNUSED_VARIABLE = YES;
				IPHONEOS_DEPLOYMENT_TARGET = 8.0;
				MTL_ENABLE_DEBUG_INFO = YES;
				ONLY_ACTIVE_ARCH = YES;
				SDKROOT = iphoneos;
			};
			name = Debug;
		};
		83CBBA211A601CBA00E9B192 /* Release */ = {
			isa = XCBuildConfiguration;
			buildSettings = {
				ALWAYS_SEARCH_USER_PATHS = NO;
				CLANG_CXX_LANGUAGE_STANDARD = "gnu++0x";
				CLANG_CXX_LIBRARY = "libc++";
				CLANG_ENABLE_MODULES = YES;
				CLANG_ENABLE_OBJC_ARC = YES;
				CLANG_WARN_BOOL_CONVERSION = YES;
				CLANG_WARN_CONSTANT_CONVERSION = YES;
				CLANG_WARN_DIRECT_OBJC_ISA_USAGE = YES_ERROR;
				CLANG_WARN_EMPTY_BODY = YES;
				CLANG_WARN_ENUM_CONVERSION = YES;
				CLANG_WARN_INFINITE_RECURSION = YES;
				CLANG_WARN_INT_CONVERSION = YES;
				CLANG_WARN_OBJC_ROOT_CLASS = YES_ERROR;
				CLANG_WARN_SUSPICIOUS_MOVE = YES;
				CLANG_WARN_UNREACHABLE_CODE = YES;
				CLANG_WARN__DUPLICATE_METHOD_MATCH = YES;
				"CODE_SIGN_IDENTITY[sdk=iphoneos*]" = "iPhone Developer";
				COPY_PHASE_STRIP = YES;
				ENABLE_NS_ASSERTIONS = NO;
				ENABLE_STRICT_OBJC_MSGSEND = YES;
				GCC_C_LANGUAGE_STANDARD = gnu99;
				GCC_NO_COMMON_BLOCKS = YES;
				GCC_WARN_64_TO_32_BIT_CONVERSION = YES;
				GCC_WARN_ABOUT_RETURN_TYPE = YES_ERROR;
				GCC_WARN_UNDECLARED_SELECTOR = YES;
				GCC_WARN_UNINITIALIZED_AUTOS = YES_AGGRESSIVE;
				GCC_WARN_UNUSED_FUNCTION = YES;
				GCC_WARN_UNUSED_VARIABLE = YES;
				IPHONEOS_DEPLOYMENT_TARGET = 8.0;
				MTL_ENABLE_DEBUG_INFO = NO;
				SDKROOT = iphoneos;
				VALIDATE_PRODUCT = YES;
			};
			name = Release;
		};
/* End XCBuildConfiguration section */

/* Begin XCConfigurationList section */
		13B07F931A680F5B00A75B9A /* Build configuration list for PBXNativeTarget "TelldusLiveApp" */ = {
			isa = XCConfigurationList;
			buildConfigurations = (
				13B07F941A680F5B00A75B9A /* Debug */,
				13B07F951A680F5B00A75B9A /* Release */,
			);
			defaultConfigurationIsVisible = 0;
			defaultConfigurationName = Release;
		};
		83CBB9FA1A601CBA00E9B192 /* Build configuration list for PBXProject "TelldusLiveApp" */ = {
			isa = XCConfigurationList;
			buildConfigurations = (
				83CBBA201A601CBA00E9B192 /* Debug */,
				83CBBA211A601CBA00E9B192 /* Release */,
			);
			defaultConfigurationIsVisible = 0;
			defaultConfigurationName = Release;
		};
/* End XCConfigurationList section */
	};
	rootObject = 83CBB9F71A601CBA00E9B192 /* Project object */;
}
